// !$*UTF8*$!
{
	archiveVersion = 1;
	classes = {
	};
	objectVersion = 56;
	objects = {

/* Begin PBXBuildFile section */
		314FAC19E5F5BEF6EF4D28F5 /* Pods_Seknova_Practice.framework in Frameworks */ = {isa = PBXBuildFile; fileRef = 5A82984BC3E7BBA229FFF2EE /* Pods_Seknova_Practice.framework */; };
		7B14D5212D5277D8001C2D26 /* LifeCollectionViewCell.swift in Sources */ = {isa = PBXBuildFile; fileRef = 7B14D5152D5277D8001C2D26 /* LifeCollectionViewCell.swift */; };
		7B14D5222D5277D8001C2D26 /* LifeCollectionViewCell.xib in Resources */ = {isa = PBXBuildFile; fileRef = 7B14D5162D5277D8001C2D26 /* LifeCollectionViewCell.xib */; };
		7B14D5232D5277D8001C2D26 /* LifeRoutineCollectionViewCell.swift in Sources */ = {isa = PBXBuildFile; fileRef = 7B14D5172D5277D8001C2D26 /* LifeRoutineCollectionViewCell.swift */; };
		7B14D5242D5277D8001C2D26 /* LifeRoutineCollectionViewCell.xib in Resources */ = {isa = PBXBuildFile; fileRef = 7B14D5182D5277D8001C2D26 /* LifeRoutineCollectionViewCell.xib */; };
		7B14D5252D5277D8001C2D26 /* LifeTableViewCell.swift in Sources */ = {isa = PBXBuildFile; fileRef = 7B14D5192D5277D8001C2D26 /* LifeTableViewCell.swift */; };
		7B14D5262D5277D8001C2D26 /* LifeTableViewCell.xib in Resources */ = {isa = PBXBuildFile; fileRef = 7B14D51A2D5277D8001C2D26 /* LifeTableViewCell.xib */; };
		7B14D5272D5277D8001C2D26 /* TxfGTableViewCell.swift in Sources */ = {isa = PBXBuildFile; fileRef = 7B14D51B2D5277D8001C2D26 /* TxfGTableViewCell.swift */; };
		7B14D5282D5277D8001C2D26 /* TxfGTableViewCell.xib in Resources */ = {isa = PBXBuildFile; fileRef = 7B14D51C2D5277D8001C2D26 /* TxfGTableViewCell.xib */; };
		7B14D5292D5277D8001C2D26 /* LifeViewController.swift in Sources */ = {isa = PBXBuildFile; fileRef = 7B14D51E2D5277D8001C2D26 /* LifeViewController.swift */; };
		7B14D52A2D5277D8001C2D26 /* LifeViewController.xib in Resources */ = {isa = PBXBuildFile; fileRef = 7B14D51F2D5277D8001C2D26 /* LifeViewController.xib */; };
		7B14D53A2D53326A001C2D26 /* HorizontalHistoryViewController.swift in Sources */ = {isa = PBXBuildFile; fileRef = 7B14D5382D53326A001C2D26 /* HorizontalHistoryViewController.swift */; };
		7B14D53B2D53326A001C2D26 /* HorizontalHistoryViewController.xib in Resources */ = {isa = PBXBuildFile; fileRef = 7B14D5392D53326A001C2D26 /* HorizontalHistoryViewController.xib */; };
		7B14D53E2D54B347001C2D26 /* SettingTableViewCell.xib in Resources */ = {isa = PBXBuildFile; fileRef = 7B14D53D2D54B347001C2D26 /* SettingTableViewCell.xib */; };
		7B14D53F2D54B347001C2D26 /* SettingTableViewCell.swift in Sources */ = {isa = PBXBuildFile; fileRef = 7B14D53C2D54B347001C2D26 /* SettingTableViewCell.swift */; };
		7B14D5472D55DD35001C2D26 /* LifeEventReordTableViewCell.swift in Sources */ = {isa = PBXBuildFile; fileRef = 7B14D5412D55DD34001C2D26 /* LifeEventReordTableViewCell.swift */; };
		7B14D5482D55DD35001C2D26 /* LifeEventReordTableViewCell.xib in Resources */ = {isa = PBXBuildFile; fileRef = 7B14D5422D55DD34001C2D26 /* LifeEventReordTableViewCell.xib */; };
		7B14D5492D55DD35001C2D26 /* LifeEventRecordViewController.swift in Sources */ = {isa = PBXBuildFile; fileRef = 7B14D5442D55DD34001C2D26 /* LifeEventRecordViewController.swift */; };
		7B14D54A2D55DD35001C2D26 /* LifeEventRecordViewController.xib in Resources */ = {isa = PBXBuildFile; fileRef = 7B14D5452D55DD34001C2D26 /* LifeEventRecordViewController.xib */; };
		7B14D5502D55E0B8001C2D26 /* WarningSettingViewController.xib in Resources */ = {isa = PBXBuildFile; fileRef = 7B14D54F2D55E0B8001C2D26 /* WarningSettingViewController.xib */; };
		7B14D5512D55E0B8001C2D26 /* WarningSettingViewController.swift in Sources */ = {isa = PBXBuildFile; fileRef = 7B14D54E2D55E0B8001C2D26 /* WarningSettingViewController.swift */; };
		7B14D5552D55E1BA001C2D26 /* WSTableViewCell.xib in Resources */ = {isa = PBXBuildFile; fileRef = 7B14D5542D55E1BA001C2D26 /* WSTableViewCell.xib */; };
		7B14D5562D55E1BA001C2D26 /* WSTableViewCell.swift in Sources */ = {isa = PBXBuildFile; fileRef = 7B14D5532D55E1BA001C2D26 /* WSTableViewCell.swift */; };
		7B14D55A2D55EEDD001C2D26 /* HighAlertsViewController.xib in Resources */ = {isa = PBXBuildFile; fileRef = 7B14D5592D55EEDD001C2D26 /* HighAlertsViewController.xib */; };
		7B14D55B2D55EEDD001C2D26 /* HighAlertsViewController.swift in Sources */ = {isa = PBXBuildFile; fileRef = 7B14D5582D55EEDD001C2D26 /* HighAlertsViewController.swift */; };
		7B14D5632D55EF9E001C2D26 /* HATableViewCell.xib in Resources */ = {isa = PBXBuildFile; fileRef = 7B14D5622D55EF9E001C2D26 /* HATableViewCell.xib */; };
		7B14D5642D55EF9E001C2D26 /* HATableViewCell.swift in Sources */ = {isa = PBXBuildFile; fileRef = 7B14D5612D55EF9E001C2D26 /* HATableViewCell.swift */; };
		7B14D5692D55F71F001C2D26 /* HApkvTableViewCell.xib in Resources */ = {isa = PBXBuildFile; fileRef = 7B14D5682D55F71F001C2D26 /* HApkvTableViewCell.xib */; };
		7B14D56A2D55F71F001C2D26 /* HApkvTableViewCell.swift in Sources */ = {isa = PBXBuildFile; fileRef = 7B14D5672D55F71F001C2D26 /* HApkvTableViewCell.swift */; };
		7B14D56E2D59EEC6001C2D26 /* RateAlertsViewController.xib in Resources */ = {isa = PBXBuildFile; fileRef = 7B14D56D2D59EEC6001C2D26 /* RateAlertsViewController.xib */; };
		7B14D56F2D59EEC6001C2D26 /* RateAlertsViewController.swift in Sources */ = {isa = PBXBuildFile; fileRef = 7B14D56C2D59EEC6001C2D26 /* RateAlertsViewController.swift */; };
		7B14D5732D59F1DC001C2D26 /* RateAlertsTableViewCell.xib in Resources */ = {isa = PBXBuildFile; fileRef = 7B14D5722D59F1DC001C2D26 /* RateAlertsTableViewCell.xib */; };
		7B14D5742D59F1DC001C2D26 /* RateAlertsTableViewCell.swift in Sources */ = {isa = PBXBuildFile; fileRef = 7B14D5712D59F1DC001C2D26 /* RateAlertsTableViewCell.swift */; };
		7B14D5782D5A03DE001C2D26 /* AudioViewController.xib in Resources */ = {isa = PBXBuildFile; fileRef = 7B14D5772D5A03DE001C2D26 /* AudioViewController.xib */; };
		7B14D5792D5A03DE001C2D26 /* AudioViewController.swift in Sources */ = {isa = PBXBuildFile; fileRef = 7B14D5762D5A03DE001C2D26 /* AudioViewController.swift */; };
		7B14D57D2D5A0443001C2D26 /* AudioTableViewCell.xib in Resources */ = {isa = PBXBuildFile; fileRef = 7B14D57C2D5A0443001C2D26 /* AudioTableViewCell.xib */; };
		7B14D57E2D5A0443001C2D26 /* AudioTableViewCell.swift in Sources */ = {isa = PBXBuildFile; fileRef = 7B14D57B2D5A0443001C2D26 /* AudioTableViewCell.swift */; };
		7B14D5812D5A0520001C2D26 /* AudiopkvTableViewCell.xib in Resources */ = {isa = PBXBuildFile; fileRef = 7B14D5802D5A0520001C2D26 /* AudiopkvTableViewCell.xib */; };
		7B14D5822D5A0520001C2D26 /* AudiopkvTableViewCell.swift in Sources */ = {isa = PBXBuildFile; fileRef = 7B14D57F2D5A0520001C2D26 /* AudiopkvTableViewCell.swift */; };
		7B2070902CA452C0000A46A4 /* RecertificationViewController.xib in Resources */ = {isa = PBXBuildFile; fileRef = 7B20708F2CA452C0000A46A4 /* RecertificationViewController.xib */; };
		7B2070912CA452C0000A46A4 /* RecertificationViewController.swift in Sources */ = {isa = PBXBuildFile; fileRef = 7B20708E2CA452C0000A46A4 /* RecertificationViewController.swift */; };
		7B6447272CEF3E3B002C43D7 /* InstantBloodSugarViewController.swift in Sources */ = {isa = PBXBuildFile; fileRef = 7B6447252CEF3E3B002C43D7 /* InstantBloodSugarViewController.swift */; };
		7B6447282CEF3E3B002C43D7 /* InstantBloodSugarViewController.xib in Resources */ = {isa = PBXBuildFile; fileRef = 7B6447262CEF3E3B002C43D7 /* InstantBloodSugarViewController.xib */; };
		7B6447312CF0692C002C43D7 /* PersonInformationViewController.swift in Sources */ = {isa = PBXBuildFile; fileRef = 7B64472F2CF0692C002C43D7 /* PersonInformationViewController.swift */; };
		7B6447322CF0692C002C43D7 /* PersonInformationViewController.xib in Resources */ = {isa = PBXBuildFile; fileRef = 7B6447302CF0692C002C43D7 /* PersonInformationViewController.xib */; };
		7B64473F2CF5B7B6002C43D7 /* SensorPopoverViewControllerDelegate.swift in Sources */ = {isa = PBXBuildFile; fileRef = 7B64473D2CF5B7B5002C43D7 /* SensorPopoverViewControllerDelegate.swift */; };
		7B6447402CF5B7B6002C43D7 /* SensorPopoverViewController.xib in Resources */ = {isa = PBXBuildFile; fileRef = 7B64473E2CF5B7B5002C43D7 /* SensorPopoverViewController.xib */; };
		7B6447442CF5B7DF002C43D7 /* RightButtonPopoverViewController.swift in Sources */ = {isa = PBXBuildFile; fileRef = 7B6447422CF5B7DF002C43D7 /* RightButtonPopoverViewController.swift */; };
		7B6447452CF5B7DF002C43D7 /* RightButtonPopoverViewController.xib in Resources */ = {isa = PBXBuildFile; fileRef = 7B6447432CF5B7DF002C43D7 /* RightButtonPopoverViewController.xib */; };
		7B655C622CB3FDA200345704 /* ResetPasswordViewController.swift in Sources */ = {isa = PBXBuildFile; fileRef = 7B655C602CB3FDA200345704 /* ResetPasswordViewController.swift */; };
		7B655C632CB3FDA200345704 /* ResetPasswordViewController.xib in Resources */ = {isa = PBXBuildFile; fileRef = 7B655C612CB3FDA200345704 /* ResetPasswordViewController.xib */; };
		7B6F7D0A2CA2A15C00E9A1DC /* RegisterViewController.swift in Sources */ = {isa = PBXBuildFile; fileRef = 7B6F7D082CA2A15C00E9A1DC /* RegisterViewController.swift */; };
		7B6F7D0B2CA2A15C00E9A1DC /* RegisterViewController.xib in Resources */ = {isa = PBXBuildFile; fileRef = 7B6F7D092CA2A15C00E9A1DC /* RegisterViewController.xib */; };
		7B6F7D0F2CA2A3E700E9A1DC /* ForgetPasswordViewController.swift in Sources */ = {isa = PBXBuildFile; fileRef = 7B6F7D0D2CA2A3E700E9A1DC /* ForgetPasswordViewController.swift */; };
		7B6F7D102CA2A3E700E9A1DC /* ForgetPasswordViewController.xib in Resources */ = {isa = PBXBuildFile; fileRef = 7B6F7D0E2CA2A3E700E9A1DC /* ForgetPasswordViewController.xib */; };
		7B78367E2CA13AA7006EE7D8 /* AppDelegate.swift in Sources */ = {isa = PBXBuildFile; fileRef = 7B78367D2CA13AA7006EE7D8 /* AppDelegate.swift */; };
		7B7836802CA13AA7006EE7D8 /* SceneDelegate.swift in Sources */ = {isa = PBXBuildFile; fileRef = 7B78367F2CA13AA7006EE7D8 /* SceneDelegate.swift */; };
		7B7836872CA13AA9006EE7D8 /* Assets.xcassets in Resources */ = {isa = PBXBuildFile; fileRef = 7B7836862CA13AA9006EE7D8 /* Assets.xcassets */; };
		7B78368A2CA13AA9006EE7D8 /* Base in Resources */ = {isa = PBXBuildFile; fileRef = 7B7836892CA13AA9006EE7D8 /* Base */; };
		7B7836932CA13E14006EE7D8 /* LoginViewController.swift in Sources */ = {isa = PBXBuildFile; fileRef = 7B7836912CA13E14006EE7D8 /* LoginViewController.swift */; };
		7B7836942CA13E14006EE7D8 /* LoginViewController.xib in Resources */ = {isa = PBXBuildFile; fileRef = 7B7836922CA13E14006EE7D8 /* LoginViewController.xib */; };
		7B8199242CA55F87002767D3 /* Color+Extensions.swift in Sources */ = {isa = PBXBuildFile; fileRef = 7B8199232CA55F87002767D3 /* Color+Extensions.swift */; };
		7B8F90072CE2FBFB00703E1C /* TransmitterViewController.swift in Sources */ = {isa = PBXBuildFile; fileRef = 7B8F90052CE2FBFB00703E1C /* TransmitterViewController.swift */; };
		7B8F90082CE2FBFB00703E1C /* TransmitterViewController.xib in Resources */ = {isa = PBXBuildFile; fileRef = 7B8F90062CE2FBFB00703E1C /* TransmitterViewController.xib */; };
		7B8F900D2CE32CE400703E1C /* TipsViewController.xib in Resources */ = {isa = PBXBuildFile; fileRef = 7B8F900C2CE32CE400703E1C /* TipsViewController.xib */; };
		7B8F900E2CE32CE400703E1C /* TipsViewController.swift in Sources */ = {isa = PBXBuildFile; fileRef = 7B8F900B2CE32CE400703E1C /* TipsViewController.swift */; };
		7B8F90122CE4CB1B00703E1C /* PairingTransmitterViewController.xib in Resources */ = {isa = PBXBuildFile; fileRef = 7B8F90112CE4CB1B00703E1C /* PairingTransmitterViewController.xib */; };
		7B8F90132CE4CB1B00703E1C /* PairingTransmitterViewController.swift in Sources */ = {isa = PBXBuildFile; fileRef = 7B8F90102CE4CB1B00703E1C /* PairingTransmitterViewController.swift */; };
		7B8F90172CEC933800703E1C /* PairAnimateViewController.xib in Resources */ = {isa = PBXBuildFile; fileRef = 7B8F90162CEC933800703E1C /* PairAnimateViewController.xib */; };
		7B8F90182CEC933800703E1C /* PairAnimateViewController.swift in Sources */ = {isa = PBXBuildFile; fileRef = 7B8F90152CEC933800703E1C /* PairAnimateViewController.swift */; };
		7B8F901C2CEC9DA500703E1C /* ScanningSensorViewController.swift in Sources */ = {isa = PBXBuildFile; fileRef = 7B8F901A2CEC9DA500703E1C /* ScanningSensorViewController.swift */; };
		7B8F901D2CEC9DA500703E1C /* ScanningSensorViewController.xib in Resources */ = {isa = PBXBuildFile; fileRef = 7B8F901B2CEC9DA500703E1C /* ScanningSensorViewController.xib */; };
		7B9B926C2CBCE27600203AD3 /* BodyInformationViewController.swift in Sources */ = {isa = PBXBuildFile; fileRef = 7B9B926A2CBCE27600203AD3 /* BodyInformationViewController.swift */; };
		7B9B926D2CBCE27600203AD3 /* BodyInformationViewController.xib in Resources */ = {isa = PBXBuildFile; fileRef = 7B9B926B2CBCE27600203AD3 /* BodyInformationViewController.xib */; };
		7B9B92712CBE747100203AD3 /* PersonalInfoTableViewCell.swift in Sources */ = {isa = PBXBuildFile; fileRef = 7B9B926F2CBE747100203AD3 /* PersonalInfoTableViewCell.swift */; };
		7B9B92722CBE747100203AD3 /* PersonalInfoTableViewCell.xib in Resources */ = {isa = PBXBuildFile; fileRef = 7B9B92702CBE747100203AD3 /* PersonalInfoTableViewCell.xib */; };
		7B9B92782CBFB80C00203AD3 /* UserPreferences.swift in Sources */ = {isa = PBXBuildFile; fileRef = 7B9B92772CBFB80C00203AD3 /* UserPreferences.swift */; };
		7B9B92D22CC11D1200203AD3 /* UserInformation.swift in Sources */ = {isa = PBXBuildFile; fileRef = 7B9B92D12CC11D1200203AD3 /* UserInformation.swift */; };
		7BA7665E2CCA5F7B00D0F340 /* Alert.swift in Sources */ = {isa = PBXBuildFile; fileRef = 7BA7665D2CCA5F7B00D0F340 /* Alert.swift */; };
		7BAD780F2D34EC810082B037 /* BindPhoneViewController.xib in Resources */ = {isa = PBXBuildFile; fileRef = 7BAD780E2D34EC810082B037 /* BindPhoneViewController.xib */; };
		7BAD78102D34EC810082B037 /* BindPhoneViewController.swift in Sources */ = {isa = PBXBuildFile; fileRef = 7BAD780D2D34EC810082B037 /* BindPhoneViewController.swift */; };
		7BAE872E2CC6254400A39EA2 /* AudioVisualTeachingViewController.swift in Sources */ = {isa = PBXBuildFile; fileRef = 7BAE872C2CC6254400A39EA2 /* AudioVisualTeachingViewController.swift */; };
		7BAE872F2CC6254400A39EA2 /* AudioVisualTeachingViewController.xib in Resources */ = {isa = PBXBuildFile; fileRef = 7BAE872D2CC6254400A39EA2 /* AudioVisualTeachingViewController.xib */; };
		7BAE87332CC67C9D00A39EA2 /* BloodSugarViewController.swift in Sources */ = {isa = PBXBuildFile; fileRef = 7BAE87312CC67C9D00A39EA2 /* BloodSugarViewController.swift */; };
		7BAE87342CC67C9D00A39EA2 /* BloodSugarViewController.xib in Resources */ = {isa = PBXBuildFile; fileRef = 7BAE87322CC67C9D00A39EA2 /* BloodSugarViewController.xib */; };
		7BC070952CFED4B400A76DCF /* MainViewController.xib in Resources */ = {isa = PBXBuildFile; fileRef = 7BC070942CFED4B400A76DCF /* MainViewController.xib */; };
		7BC070962CFED4B400A76DCF /* MainViewController.swift in Sources */ = {isa = PBXBuildFile; fileRef = 7BC070932CFED4B400A76DCF /* MainViewController.swift */; };
		7BC070A22CFED72800A76DCF /* TabBarView.xib in Resources */ = {isa = PBXBuildFile; fileRef = 7BC070A12CFED72800A76DCF /* TabBarView.xib */; };
		7BC070A32CFED72800A76DCF /* TabBarView.swift in Sources */ = {isa = PBXBuildFile; fileRef = 7BC070A02CFED72800A76DCF /* TabBarView.swift */; };
		7BC070A72CFEFE0C00A76DCF /* CustomTabBar.swift in Sources */ = {isa = PBXBuildFile; fileRef = 7BC070A62CFEFE0C00A76DCF /* CustomTabBar.swift */; };
		7BC070A92CFEFE1B00A76DCF /* CustomTabBar.xib in Resources */ = {isa = PBXBuildFile; fileRef = 7BC070A82CFEFE1B00A76DCF /* CustomTabBar.xib */; };
		7BC070AD2CFF052200A76DCF /* BloodSugarCorrectionViewController.xib in Resources */ = {isa = PBXBuildFile; fileRef = 7BC070AC2CFF052200A76DCF /* BloodSugarCorrectionViewController.xib */; };
		7BC070AE2CFF052200A76DCF /* BloodSugarCorrectionViewController.swift in Sources */ = {isa = PBXBuildFile; fileRef = 7BC070AB2CFF052200A76DCF /* BloodSugarCorrectionViewController.swift */; };
		7BC070B32CFF057C00A76DCF /* BloodSugarCorrectionSureViewController.xib in Resources */ = {isa = PBXBuildFile; fileRef = 7BC070B22CFF057C00A76DCF /* BloodSugarCorrectionSureViewController.xib */; };
		7BC070B42CFF057C00A76DCF /* BloodSugarCorrectionSureViewController.swift in Sources */ = {isa = PBXBuildFile; fileRef = 7BC070B12CFF057C00A76DCF /* BloodSugarCorrectionSureViewController.swift */; };
		7BC070BD2CFF05DE00A76DCF /* HistoryViewController.xib in Resources */ = {isa = PBXBuildFile; fileRef = 7BC070BC2CFF05DE00A76DCF /* HistoryViewController.xib */; };
		7BC070BE2CFF05DE00A76DCF /* HistoryViewController.swift in Sources */ = {isa = PBXBuildFile; fileRef = 7BC070BB2CFF05DE00A76DCF /* HistoryViewController.swift */; };
		7BC15D802D01A50300A4AD50 /* ReportViewController.xib in Resources */ = {isa = PBXBuildFile; fileRef = 7BC15D7F2D01A50300A4AD50 /* ReportViewController.xib */; };
		7BC15D812D01A50300A4AD50 /* ReportViewController.swift in Sources */ = {isa = PBXBuildFile; fileRef = 7BC15D7E2D01A50300A4AD50 /* ReportViewController.swift */; };
		7BC15D852D01A56100A4AD50 /* LogViewController.xib in Resources */ = {isa = PBXBuildFile; fileRef = 7BC15D842D01A56100A4AD50 /* LogViewController.xib */; };
		7BC15D862D01A56100A4AD50 /* LogViewController.swift in Sources */ = {isa = PBXBuildFile; fileRef = 7BC15D832D01A56100A4AD50 /* LogViewController.swift */; };
		7BC15D8B2D01A59400A4AD50 /* SettingViewController.xib in Resources */ = {isa = PBXBuildFile; fileRef = 7BC15D8A2D01A59400A4AD50 /* SettingViewController.xib */; };
		7BC15D8C2D01A59400A4AD50 /* SettingViewController.swift in Sources */ = {isa = PBXBuildFile; fileRef = 7BC15D892D01A59400A4AD50 /* SettingViewController.swift */; };
		7BC928E52D02E56600B9EE78 /* BloodSugarCorrectionKnowMoreViewController.swift in Sources */ = {isa = PBXBuildFile; fileRef = 7BC928E32D02E56600B9EE78 /* BloodSugarCorrectionKnowMoreViewController.swift */; };
		7BC928E62D02E56600B9EE78 /* BloodSugarCorrectionKnowMoreViewController.xib in Resources */ = {isa = PBXBuildFile; fileRef = 7BC928E42D02E56600B9EE78 /* BloodSugarCorrectionKnowMoreViewController.xib */; };
		7BD458552D0C312E00993AF2 /* InfoTableViewCell.xib in Resources */ = {isa = PBXBuildFile; fileRef = 7BD458542D0C312E00993AF2 /* InfoTableViewCell.xib */; };
		7BD458562D0C312E00993AF2 /* InfoTableViewCell.swift in Sources */ = {isa = PBXBuildFile; fileRef = 7BD458532D0C312E00993AF2 /* InfoTableViewCell.swift */; };
		7BD4A79C2D412ECF00FC3151 /* singleton.swift in Sources */ = {isa = PBXBuildFile; fileRef = 7BD4A79B2D412ECF00FC3151 /* singleton.swift */; };
		7BD875C02CA6AF28008BB100 /* TermsViewController.swift in Sources */ = {isa = PBXBuildFile; fileRef = 7BD875BE2CA6AF28008BB100 /* TermsViewController.swift */; };
		7BD875C12CA6AF28008BB100 /* TermsViewController.xib in Resources */ = {isa = PBXBuildFile; fileRef = 7BD875BF2CA6AF28008BB100 /* TermsViewController.xib */; };
/* End PBXBuildFile section */

/* Begin PBXFileReference section */
		5A82984BC3E7BBA229FFF2EE /* Pods_Seknova_Practice.framework */ = {isa = PBXFileReference; explicitFileType = wrapper.framework; includeInIndex = 0; path = Pods_Seknova_Practice.framework; sourceTree = BUILT_PRODUCTS_DIR; };
		7718D1ABAC66BD0196AF3B5B /* Pods-Seknova-Practice.debug.xcconfig */ = {isa = PBXFileReference; includeInIndex = 1; lastKnownFileType = text.xcconfig; name = "Pods-Seknova-Practice.debug.xcconfig"; path = "Target Support Files/Pods-Seknova-Practice/Pods-Seknova-Practice.debug.xcconfig"; sourceTree = "<group>"; };
		7B14D5152D5277D8001C2D26 /* LifeCollectionViewCell.swift */ = {isa = PBXFileReference; fileEncoding = 4; lastKnownFileType = sourcecode.swift; path = LifeCollectionViewCell.swift; sourceTree = "<group>"; };
		7B14D5162D5277D8001C2D26 /* LifeCollectionViewCell.xib */ = {isa = PBXFileReference; fileEncoding = 4; lastKnownFileType = file.xib; path = LifeCollectionViewCell.xib; sourceTree = "<group>"; };
		7B14D5172D5277D8001C2D26 /* LifeRoutineCollectionViewCell.swift */ = {isa = PBXFileReference; fileEncoding = 4; lastKnownFileType = sourcecode.swift; path = LifeRoutineCollectionViewCell.swift; sourceTree = "<group>"; };
		7B14D5182D5277D8001C2D26 /* LifeRoutineCollectionViewCell.xib */ = {isa = PBXFileReference; fileEncoding = 4; lastKnownFileType = file.xib; path = LifeRoutineCollectionViewCell.xib; sourceTree = "<group>"; };
		7B14D5192D5277D8001C2D26 /* LifeTableViewCell.swift */ = {isa = PBXFileReference; fileEncoding = 4; lastKnownFileType = sourcecode.swift; path = LifeTableViewCell.swift; sourceTree = "<group>"; };
		7B14D51A2D5277D8001C2D26 /* LifeTableViewCell.xib */ = {isa = PBXFileReference; fileEncoding = 4; lastKnownFileType = file.xib; path = LifeTableViewCell.xib; sourceTree = "<group>"; };
		7B14D51B2D5277D8001C2D26 /* TxfGTableViewCell.swift */ = {isa = PBXFileReference; fileEncoding = 4; lastKnownFileType = sourcecode.swift; path = TxfGTableViewCell.swift; sourceTree = "<group>"; };
		7B14D51C2D5277D8001C2D26 /* TxfGTableViewCell.xib */ = {isa = PBXFileReference; fileEncoding = 4; lastKnownFileType = file.xib; path = TxfGTableViewCell.xib; sourceTree = "<group>"; };
		7B14D51E2D5277D8001C2D26 /* LifeViewController.swift */ = {isa = PBXFileReference; fileEncoding = 4; lastKnownFileType = sourcecode.swift; path = LifeViewController.swift; sourceTree = "<group>"; };
		7B14D51F2D5277D8001C2D26 /* LifeViewController.xib */ = {isa = PBXFileReference; fileEncoding = 4; lastKnownFileType = file.xib; path = LifeViewController.xib; sourceTree = "<group>"; };
		7B14D5382D53326A001C2D26 /* HorizontalHistoryViewController.swift */ = {isa = PBXFileReference; lastKnownFileType = sourcecode.swift; path = HorizontalHistoryViewController.swift; sourceTree = "<group>"; };
		7B14D5392D53326A001C2D26 /* HorizontalHistoryViewController.xib */ = {isa = PBXFileReference; lastKnownFileType = file.xib; path = HorizontalHistoryViewController.xib; sourceTree = "<group>"; };
		7B14D53C2D54B347001C2D26 /* SettingTableViewCell.swift */ = {isa = PBXFileReference; lastKnownFileType = sourcecode.swift; path = SettingTableViewCell.swift; sourceTree = "<group>"; };
		7B14D53D2D54B347001C2D26 /* SettingTableViewCell.xib */ = {isa = PBXFileReference; lastKnownFileType = file.xib; path = SettingTableViewCell.xib; sourceTree = "<group>"; };
		7B14D5412D55DD34001C2D26 /* LifeEventReordTableViewCell.swift */ = {isa = PBXFileReference; fileEncoding = 4; lastKnownFileType = sourcecode.swift; path = LifeEventReordTableViewCell.swift; sourceTree = "<group>"; };
		7B14D5422D55DD34001C2D26 /* LifeEventReordTableViewCell.xib */ = {isa = PBXFileReference; fileEncoding = 4; lastKnownFileType = file.xib; path = LifeEventReordTableViewCell.xib; sourceTree = "<group>"; };
		7B14D5442D55DD34001C2D26 /* LifeEventRecordViewController.swift */ = {isa = PBXFileReference; fileEncoding = 4; lastKnownFileType = sourcecode.swift; path = LifeEventRecordViewController.swift; sourceTree = "<group>"; };
		7B14D5452D55DD34001C2D26 /* LifeEventRecordViewController.xib */ = {isa = PBXFileReference; fileEncoding = 4; lastKnownFileType = file.xib; path = LifeEventRecordViewController.xib; sourceTree = "<group>"; };
		7B14D54E2D55E0B8001C2D26 /* WarningSettingViewController.swift */ = {isa = PBXFileReference; lastKnownFileType = sourcecode.swift; path = WarningSettingViewController.swift; sourceTree = "<group>"; };
		7B14D54F2D55E0B8001C2D26 /* WarningSettingViewController.xib */ = {isa = PBXFileReference; lastKnownFileType = file.xib; path = WarningSettingViewController.xib; sourceTree = "<group>"; };
		7B14D5532D55E1BA001C2D26 /* WSTableViewCell.swift */ = {isa = PBXFileReference; lastKnownFileType = sourcecode.swift; path = WSTableViewCell.swift; sourceTree = "<group>"; };
		7B14D5542D55E1BA001C2D26 /* WSTableViewCell.xib */ = {isa = PBXFileReference; lastKnownFileType = file.xib; path = WSTableViewCell.xib; sourceTree = "<group>"; };
		7B14D5582D55EEDD001C2D26 /* HighAlertsViewController.swift */ = {isa = PBXFileReference; lastKnownFileType = sourcecode.swift; path = HighAlertsViewController.swift; sourceTree = "<group>"; };
		7B14D5592D55EEDD001C2D26 /* HighAlertsViewController.xib */ = {isa = PBXFileReference; lastKnownFileType = file.xib; path = HighAlertsViewController.xib; sourceTree = "<group>"; };
		7B14D5612D55EF9E001C2D26 /* HATableViewCell.swift */ = {isa = PBXFileReference; lastKnownFileType = sourcecode.swift; path = HATableViewCell.swift; sourceTree = "<group>"; };
		7B14D5622D55EF9E001C2D26 /* HATableViewCell.xib */ = {isa = PBXFileReference; lastKnownFileType = file.xib; path = HATableViewCell.xib; sourceTree = "<group>"; };
		7B14D5672D55F71F001C2D26 /* HApkvTableViewCell.swift */ = {isa = PBXFileReference; lastKnownFileType = sourcecode.swift; path = HApkvTableViewCell.swift; sourceTree = "<group>"; };
		7B14D5682D55F71F001C2D26 /* HApkvTableViewCell.xib */ = {isa = PBXFileReference; lastKnownFileType = file.xib; path = HApkvTableViewCell.xib; sourceTree = "<group>"; };
		7B14D56C2D59EEC6001C2D26 /* RateAlertsViewController.swift */ = {isa = PBXFileReference; lastKnownFileType = sourcecode.swift; path = RateAlertsViewController.swift; sourceTree = "<group>"; };
		7B14D56D2D59EEC6001C2D26 /* RateAlertsViewController.xib */ = {isa = PBXFileReference; lastKnownFileType = file.xib; path = RateAlertsViewController.xib; sourceTree = "<group>"; };
		7B14D5712D59F1DC001C2D26 /* RateAlertsTableViewCell.swift */ = {isa = PBXFileReference; lastKnownFileType = sourcecode.swift; path = RateAlertsTableViewCell.swift; sourceTree = "<group>"; };
		7B14D5722D59F1DC001C2D26 /* RateAlertsTableViewCell.xib */ = {isa = PBXFileReference; lastKnownFileType = file.xib; path = RateAlertsTableViewCell.xib; sourceTree = "<group>"; };
		7B14D5762D5A03DE001C2D26 /* AudioViewController.swift */ = {isa = PBXFileReference; lastKnownFileType = sourcecode.swift; path = AudioViewController.swift; sourceTree = "<group>"; };
		7B14D5772D5A03DE001C2D26 /* AudioViewController.xib */ = {isa = PBXFileReference; lastKnownFileType = file.xib; path = AudioViewController.xib; sourceTree = "<group>"; };
		7B14D57B2D5A0443001C2D26 /* AudioTableViewCell.swift */ = {isa = PBXFileReference; lastKnownFileType = sourcecode.swift; path = AudioTableViewCell.swift; sourceTree = "<group>"; };
		7B14D57C2D5A0443001C2D26 /* AudioTableViewCell.xib */ = {isa = PBXFileReference; lastKnownFileType = file.xib; path = AudioTableViewCell.xib; sourceTree = "<group>"; };
		7B14D57F2D5A0520001C2D26 /* AudiopkvTableViewCell.swift */ = {isa = PBXFileReference; lastKnownFileType = sourcecode.swift; path = AudiopkvTableViewCell.swift; sourceTree = "<group>"; };
		7B14D5802D5A0520001C2D26 /* AudiopkvTableViewCell.xib */ = {isa = PBXFileReference; lastKnownFileType = file.xib; path = AudiopkvTableViewCell.xib; sourceTree = "<group>"; };
		7B20708E2CA452C0000A46A4 /* RecertificationViewController.swift */ = {isa = PBXFileReference; lastKnownFileType = sourcecode.swift; path = RecertificationViewController.swift; sourceTree = "<group>"; };
		7B20708F2CA452C0000A46A4 /* RecertificationViewController.xib */ = {isa = PBXFileReference; lastKnownFileType = file.xib; path = RecertificationViewController.xib; sourceTree = "<group>"; };
		7B6447252CEF3E3B002C43D7 /* InstantBloodSugarViewController.swift */ = {isa = PBXFileReference; lastKnownFileType = sourcecode.swift; path = InstantBloodSugarViewController.swift; sourceTree = "<group>"; };
		7B6447262CEF3E3B002C43D7 /* InstantBloodSugarViewController.xib */ = {isa = PBXFileReference; lastKnownFileType = file.xib; path = InstantBloodSugarViewController.xib; sourceTree = "<group>"; };
		7B64472F2CF0692C002C43D7 /* PersonInformationViewController.swift */ = {isa = PBXFileReference; lastKnownFileType = sourcecode.swift; path = PersonInformationViewController.swift; sourceTree = "<group>"; };
		7B6447302CF0692C002C43D7 /* PersonInformationViewController.xib */ = {isa = PBXFileReference; lastKnownFileType = file.xib; path = PersonInformationViewController.xib; sourceTree = "<group>"; };
		7B64473D2CF5B7B5002C43D7 /* SensorPopoverViewControllerDelegate.swift */ = {isa = PBXFileReference; lastKnownFileType = sourcecode.swift; path = SensorPopoverViewControllerDelegate.swift; sourceTree = "<group>"; };
		7B64473E2CF5B7B5002C43D7 /* SensorPopoverViewController.xib */ = {isa = PBXFileReference; lastKnownFileType = file.xib; path = SensorPopoverViewController.xib; sourceTree = "<group>"; };
		7B6447422CF5B7DF002C43D7 /* RightButtonPopoverViewController.swift */ = {isa = PBXFileReference; lastKnownFileType = sourcecode.swift; path = RightButtonPopoverViewController.swift; sourceTree = "<group>"; };
		7B6447432CF5B7DF002C43D7 /* RightButtonPopoverViewController.xib */ = {isa = PBXFileReference; lastKnownFileType = file.xib; path = RightButtonPopoverViewController.xib; sourceTree = "<group>"; };
		7B655C602CB3FDA200345704 /* ResetPasswordViewController.swift */ = {isa = PBXFileReference; lastKnownFileType = sourcecode.swift; path = ResetPasswordViewController.swift; sourceTree = "<group>"; };
		7B655C612CB3FDA200345704 /* ResetPasswordViewController.xib */ = {isa = PBXFileReference; lastKnownFileType = file.xib; path = ResetPasswordViewController.xib; sourceTree = "<group>"; };
		7B6F7D082CA2A15C00E9A1DC /* RegisterViewController.swift */ = {isa = PBXFileReference; lastKnownFileType = sourcecode.swift; path = RegisterViewController.swift; sourceTree = "<group>"; };
		7B6F7D092CA2A15C00E9A1DC /* RegisterViewController.xib */ = {isa = PBXFileReference; lastKnownFileType = file.xib; path = RegisterViewController.xib; sourceTree = "<group>"; };
		7B6F7D0D2CA2A3E700E9A1DC /* ForgetPasswordViewController.swift */ = {isa = PBXFileReference; lastKnownFileType = sourcecode.swift; path = ForgetPasswordViewController.swift; sourceTree = "<group>"; };
		7B6F7D0E2CA2A3E700E9A1DC /* ForgetPasswordViewController.xib */ = {isa = PBXFileReference; lastKnownFileType = file.xib; path = ForgetPasswordViewController.xib; sourceTree = "<group>"; };
		7B78367A2CA13AA7006EE7D8 /* Seknova-Practice.app */ = {isa = PBXFileReference; explicitFileType = wrapper.application; includeInIndex = 0; path = "Seknova-Practice.app"; sourceTree = BUILT_PRODUCTS_DIR; };
		7B78367D2CA13AA7006EE7D8 /* AppDelegate.swift */ = {isa = PBXFileReference; lastKnownFileType = sourcecode.swift; path = AppDelegate.swift; sourceTree = "<group>"; };
		7B78367F2CA13AA7006EE7D8 /* SceneDelegate.swift */ = {isa = PBXFileReference; lastKnownFileType = sourcecode.swift; path = SceneDelegate.swift; sourceTree = "<group>"; };
		7B7836862CA13AA9006EE7D8 /* Assets.xcassets */ = {isa = PBXFileReference; lastKnownFileType = folder.assetcatalog; path = Assets.xcassets; sourceTree = "<group>"; };
		7B7836892CA13AA9006EE7D8 /* Base */ = {isa = PBXFileReference; lastKnownFileType = file.storyboard; name = Base; path = Base.lproj/LaunchScreen.storyboard; sourceTree = "<group>"; };
		7B78368B2CA13AA9006EE7D8 /* Info.plist */ = {isa = PBXFileReference; lastKnownFileType = text.plist.xml; path = Info.plist; sourceTree = "<group>"; };
		7B7836912CA13E14006EE7D8 /* LoginViewController.swift */ = {isa = PBXFileReference; lastKnownFileType = sourcecode.swift; path = LoginViewController.swift; sourceTree = "<group>"; };
		7B7836922CA13E14006EE7D8 /* LoginViewController.xib */ = {isa = PBXFileReference; lastKnownFileType = file.xib; path = LoginViewController.xib; sourceTree = "<group>"; };
		7B8199232CA55F87002767D3 /* Color+Extensions.swift */ = {isa = PBXFileReference; lastKnownFileType = sourcecode.swift; path = "Color+Extensions.swift"; sourceTree = "<group>"; };
		7B8F90052CE2FBFB00703E1C /* TransmitterViewController.swift */ = {isa = PBXFileReference; lastKnownFileType = sourcecode.swift; path = TransmitterViewController.swift; sourceTree = "<group>"; };
		7B8F90062CE2FBFB00703E1C /* TransmitterViewController.xib */ = {isa = PBXFileReference; lastKnownFileType = file.xib; path = TransmitterViewController.xib; sourceTree = "<group>"; };
		7B8F900B2CE32CE400703E1C /* TipsViewController.swift */ = {isa = PBXFileReference; lastKnownFileType = sourcecode.swift; path = TipsViewController.swift; sourceTree = "<group>"; };
		7B8F900C2CE32CE400703E1C /* TipsViewController.xib */ = {isa = PBXFileReference; lastKnownFileType = file.xib; path = TipsViewController.xib; sourceTree = "<group>"; };
		7B8F90102CE4CB1B00703E1C /* PairingTransmitterViewController.swift */ = {isa = PBXFileReference; lastKnownFileType = sourcecode.swift; path = PairingTransmitterViewController.swift; sourceTree = "<group>"; };
		7B8F90112CE4CB1B00703E1C /* PairingTransmitterViewController.xib */ = {isa = PBXFileReference; lastKnownFileType = file.xib; path = PairingTransmitterViewController.xib; sourceTree = "<group>"; };
		7B8F90152CEC933800703E1C /* PairAnimateViewController.swift */ = {isa = PBXFileReference; lastKnownFileType = sourcecode.swift; path = PairAnimateViewController.swift; sourceTree = "<group>"; };
		7B8F90162CEC933800703E1C /* PairAnimateViewController.xib */ = {isa = PBXFileReference; lastKnownFileType = file.xib; path = PairAnimateViewController.xib; sourceTree = "<group>"; };
		7B8F901A2CEC9DA500703E1C /* ScanningSensorViewController.swift */ = {isa = PBXFileReference; lastKnownFileType = sourcecode.swift; path = ScanningSensorViewController.swift; sourceTree = "<group>"; };
		7B8F901B2CEC9DA500703E1C /* ScanningSensorViewController.xib */ = {isa = PBXFileReference; lastKnownFileType = file.xib; path = ScanningSensorViewController.xib; sourceTree = "<group>"; };
		7B9B926A2CBCE27600203AD3 /* BodyInformationViewController.swift */ = {isa = PBXFileReference; lastKnownFileType = sourcecode.swift; path = BodyInformationViewController.swift; sourceTree = "<group>"; };
		7B9B926B2CBCE27600203AD3 /* BodyInformationViewController.xib */ = {isa = PBXFileReference; lastKnownFileType = file.xib; path = BodyInformationViewController.xib; sourceTree = "<group>"; };
		7B9B926F2CBE747100203AD3 /* PersonalInfoTableViewCell.swift */ = {isa = PBXFileReference; lastKnownFileType = sourcecode.swift; path = PersonalInfoTableViewCell.swift; sourceTree = "<group>"; };
		7B9B92702CBE747100203AD3 /* PersonalInfoTableViewCell.xib */ = {isa = PBXFileReference; lastKnownFileType = file.xib; path = PersonalInfoTableViewCell.xib; sourceTree = "<group>"; };
		7B9B92772CBFB80C00203AD3 /* UserPreferences.swift */ = {isa = PBXFileReference; lastKnownFileType = sourcecode.swift; path = UserPreferences.swift; sourceTree = "<group>"; };
		7B9B92D12CC11D1200203AD3 /* UserInformation.swift */ = {isa = PBXFileReference; lastKnownFileType = sourcecode.swift; path = UserInformation.swift; sourceTree = "<group>"; };
		7BA7665D2CCA5F7B00D0F340 /* Alert.swift */ = {isa = PBXFileReference; lastKnownFileType = sourcecode.swift; path = Alert.swift; sourceTree = "<group>"; };
		7BAD780D2D34EC810082B037 /* BindPhoneViewController.swift */ = {isa = PBXFileReference; lastKnownFileType = sourcecode.swift; path = BindPhoneViewController.swift; sourceTree = "<group>"; };
		7BAD780E2D34EC810082B037 /* BindPhoneViewController.xib */ = {isa = PBXFileReference; lastKnownFileType = file.xib; path = BindPhoneViewController.xib; sourceTree = "<group>"; };
		7BAE872C2CC6254400A39EA2 /* AudioVisualTeachingViewController.swift */ = {isa = PBXFileReference; lastKnownFileType = sourcecode.swift; path = AudioVisualTeachingViewController.swift; sourceTree = "<group>"; };
		7BAE872D2CC6254400A39EA2 /* AudioVisualTeachingViewController.xib */ = {isa = PBXFileReference; lastKnownFileType = file.xib; path = AudioVisualTeachingViewController.xib; sourceTree = "<group>"; };
		7BAE87312CC67C9D00A39EA2 /* BloodSugarViewController.swift */ = {isa = PBXFileReference; lastKnownFileType = sourcecode.swift; path = BloodSugarViewController.swift; sourceTree = "<group>"; };
		7BAE87322CC67C9D00A39EA2 /* BloodSugarViewController.xib */ = {isa = PBXFileReference; lastKnownFileType = file.xib; path = BloodSugarViewController.xib; sourceTree = "<group>"; };
		7BC070932CFED4B400A76DCF /* MainViewController.swift */ = {isa = PBXFileReference; lastKnownFileType = sourcecode.swift; path = MainViewController.swift; sourceTree = "<group>"; };
		7BC070942CFED4B400A76DCF /* MainViewController.xib */ = {isa = PBXFileReference; lastKnownFileType = file.xib; path = MainViewController.xib; sourceTree = "<group>"; };
		7BC070A02CFED72800A76DCF /* TabBarView.swift */ = {isa = PBXFileReference; lastKnownFileType = sourcecode.swift; path = TabBarView.swift; sourceTree = "<group>"; };
		7BC070A12CFED72800A76DCF /* TabBarView.xib */ = {isa = PBXFileReference; lastKnownFileType = file.xib; path = TabBarView.xib; sourceTree = "<group>"; };
		7BC070A62CFEFE0C00A76DCF /* CustomTabBar.swift */ = {isa = PBXFileReference; lastKnownFileType = sourcecode.swift; path = CustomTabBar.swift; sourceTree = "<group>"; };
		7BC070A82CFEFE1B00A76DCF /* CustomTabBar.xib */ = {isa = PBXFileReference; lastKnownFileType = file.xib; path = CustomTabBar.xib; sourceTree = "<group>"; };
		7BC070AB2CFF052200A76DCF /* BloodSugarCorrectionViewController.swift */ = {isa = PBXFileReference; lastKnownFileType = sourcecode.swift; path = BloodSugarCorrectionViewController.swift; sourceTree = "<group>"; };
		7BC070AC2CFF052200A76DCF /* BloodSugarCorrectionViewController.xib */ = {isa = PBXFileReference; lastKnownFileType = file.xib; path = BloodSugarCorrectionViewController.xib; sourceTree = "<group>"; };
		7BC070B12CFF057C00A76DCF /* BloodSugarCorrectionSureViewController.swift */ = {isa = PBXFileReference; lastKnownFileType = sourcecode.swift; path = BloodSugarCorrectionSureViewController.swift; sourceTree = "<group>"; };
		7BC070B22CFF057C00A76DCF /* BloodSugarCorrectionSureViewController.xib */ = {isa = PBXFileReference; lastKnownFileType = file.xib; path = BloodSugarCorrectionSureViewController.xib; sourceTree = "<group>"; };
		7BC070BB2CFF05DE00A76DCF /* HistoryViewController.swift */ = {isa = PBXFileReference; lastKnownFileType = sourcecode.swift; path = HistoryViewController.swift; sourceTree = "<group>"; };
		7BC070BC2CFF05DE00A76DCF /* HistoryViewController.xib */ = {isa = PBXFileReference; lastKnownFileType = file.xib; path = HistoryViewController.xib; sourceTree = "<group>"; };
		7BC15D7E2D01A50300A4AD50 /* ReportViewController.swift */ = {isa = PBXFileReference; lastKnownFileType = sourcecode.swift; path = ReportViewController.swift; sourceTree = "<group>"; };
		7BC15D7F2D01A50300A4AD50 /* ReportViewController.xib */ = {isa = PBXFileReference; lastKnownFileType = file.xib; path = ReportViewController.xib; sourceTree = "<group>"; };
		7BC15D832D01A56100A4AD50 /* LogViewController.swift */ = {isa = PBXFileReference; lastKnownFileType = sourcecode.swift; path = LogViewController.swift; sourceTree = "<group>"; };
		7BC15D842D01A56100A4AD50 /* LogViewController.xib */ = {isa = PBXFileReference; lastKnownFileType = file.xib; path = LogViewController.xib; sourceTree = "<group>"; };
		7BC15D892D01A59400A4AD50 /* SettingViewController.swift */ = {isa = PBXFileReference; lastKnownFileType = sourcecode.swift; path = SettingViewController.swift; sourceTree = "<group>"; };
		7BC15D8A2D01A59400A4AD50 /* SettingViewController.xib */ = {isa = PBXFileReference; lastKnownFileType = file.xib; path = SettingViewController.xib; sourceTree = "<group>"; };
		7BC928E32D02E56600B9EE78 /* BloodSugarCorrectionKnowMoreViewController.swift */ = {isa = PBXFileReference; lastKnownFileType = sourcecode.swift; path = BloodSugarCorrectionKnowMoreViewController.swift; sourceTree = "<group>"; };
		7BC928E42D02E56600B9EE78 /* BloodSugarCorrectionKnowMoreViewController.xib */ = {isa = PBXFileReference; lastKnownFileType = file.xib; path = BloodSugarCorrectionKnowMoreViewController.xib; sourceTree = "<group>"; };
		7BD458532D0C312E00993AF2 /* InfoTableViewCell.swift */ = {isa = PBXFileReference; lastKnownFileType = sourcecode.swift; path = InfoTableViewCell.swift; sourceTree = "<group>"; };
		7BD458542D0C312E00993AF2 /* InfoTableViewCell.xib */ = {isa = PBXFileReference; lastKnownFileType = file.xib; path = InfoTableViewCell.xib; sourceTree = "<group>"; };
		7BD4A79B2D412ECF00FC3151 /* singleton.swift */ = {isa = PBXFileReference; lastKnownFileType = sourcecode.swift; path = singleton.swift; sourceTree = "<group>"; };
		7BD875BE2CA6AF28008BB100 /* TermsViewController.swift */ = {isa = PBXFileReference; lastKnownFileType = sourcecode.swift; path = TermsViewController.swift; sourceTree = "<group>"; };
		7BD875BF2CA6AF28008BB100 /* TermsViewController.xib */ = {isa = PBXFileReference; lastKnownFileType = file.xib; path = TermsViewController.xib; sourceTree = "<group>"; };
		D097F0ED15F38BCC246A09FC /* Pods-Seknova-Practice.release.xcconfig */ = {isa = PBXFileReference; includeInIndex = 1; lastKnownFileType = text.xcconfig; name = "Pods-Seknova-Practice.release.xcconfig"; path = "Target Support Files/Pods-Seknova-Practice/Pods-Seknova-Practice.release.xcconfig"; sourceTree = "<group>"; };
/* End PBXFileReference section */

/* Begin PBXFrameworksBuildPhase section */
		7B7836772CA13AA7006EE7D8 /* Frameworks */ = {
			isa = PBXFrameworksBuildPhase;
			buildActionMask = 2147483647;
			files = (
				314FAC19E5F5BEF6EF4D28F5 /* Pods_Seknova_Practice.framework in Frameworks */,
			);
			runOnlyForDeploymentPostprocessing = 0;
		};
/* End PBXFrameworksBuildPhase section */

/* Begin PBXGroup section */
		0D98DBB1B174880F70C3E575 /* Pods */ = {
			isa = PBXGroup;
			children = (
				7718D1ABAC66BD0196AF3B5B /* Pods-Seknova-Practice.debug.xcconfig */,
				D097F0ED15F38BCC246A09FC /* Pods-Seknova-Practice.release.xcconfig */,
			);
			path = Pods;
			sourceTree = "<group>";
		};
		7B14D51D2D5277D8001C2D26 /* Components */ = {
			isa = PBXGroup;
			children = (
				7B14D5152D5277D8001C2D26 /* LifeCollectionViewCell.swift */,
				7B14D5162D5277D8001C2D26 /* LifeCollectionViewCell.xib */,
				7B14D5172D5277D8001C2D26 /* LifeRoutineCollectionViewCell.swift */,
				7B14D5182D5277D8001C2D26 /* LifeRoutineCollectionViewCell.xib */,
				7B14D5192D5277D8001C2D26 /* LifeTableViewCell.swift */,
				7B14D51A2D5277D8001C2D26 /* LifeTableViewCell.xib */,
				7B14D51B2D5277D8001C2D26 /* TxfGTableViewCell.swift */,
				7B14D51C2D5277D8001C2D26 /* TxfGTableViewCell.xib */,
			);
			path = Components;
			sourceTree = "<group>";
		};
		7B14D5202D5277D8001C2D26 /* LifeVC */ = {
			isa = PBXGroup;
			children = (
				7B14D5462D55DD34001C2D26 /* LifeEventRecordVC */,
				7B14D51D2D5277D8001C2D26 /* Components */,
				7B14D51E2D5277D8001C2D26 /* LifeViewController.swift */,
				7B14D51F2D5277D8001C2D26 /* LifeViewController.xib */,
			);
			name = LifeVC;
			path = "Seknova-Practice/Controller/MainVC/LifeVC";
			sourceTree = SOURCE_ROOT;
		};
		7B14D5372D53323A001C2D26 /* HorizontalHistoryVC */ = {
			isa = PBXGroup;
			children = (
				7B14D5382D53326A001C2D26 /* HorizontalHistoryViewController.swift */,
				7B14D5392D53326A001C2D26 /* HorizontalHistoryViewController.xib */,
			);
			path = HorizontalHistoryVC;
			sourceTree = "<group>";
		};
		7B14D5402D54B34E001C2D26 /* Components */ = {
			isa = PBXGroup;
			children = (
				7B14D53C2D54B347001C2D26 /* SettingTableViewCell.swift */,
				7B14D53D2D54B347001C2D26 /* SettingTableViewCell.xib */,
			);
			path = Components;
			sourceTree = "<group>";
		};
		7B14D5432D55DD34001C2D26 /* Components */ = {
			isa = PBXGroup;
			children = (
				7B14D5412D55DD34001C2D26 /* LifeEventReordTableViewCell.swift */,
				7B14D5422D55DD34001C2D26 /* LifeEventReordTableViewCell.xib */,
			);
			path = Components;
			sourceTree = "<group>";
		};
		7B14D5462D55DD34001C2D26 /* LifeEventRecordVC */ = {
			isa = PBXGroup;
			children = (
				7B14D5432D55DD34001C2D26 /* Components */,
				7B14D5442D55DD34001C2D26 /* LifeEventRecordViewController.swift */,
				7B14D5452D55DD34001C2D26 /* LifeEventRecordViewController.xib */,
			);
			path = LifeEventRecordVC;
			sourceTree = "<group>";
		};
		7B14D54B2D55DDF9001C2D26 /* View */ = {
			isa = PBXGroup;
			children = (
			);
			path = View;
			sourceTree = "<group>";
		};
		7B14D54D2D55E08C001C2D26 /* WarningSettingVC */ = {
			isa = PBXGroup;
			children = (
				7B14D5752D5A03B0001C2D26 /* AudioVC */,
				7B14D56B2D59EE6D001C2D26 /* RateAlertsVC */,
				7B14D5572D55EEB0001C2D26 /* HighAlertsVC */,
				7B14D5522D55E18E001C2D26 /* Components */,
				7B14D54E2D55E0B8001C2D26 /* WarningSettingViewController.swift */,
				7B14D54F2D55E0B8001C2D26 /* WarningSettingViewController.xib */,
			);
			path = WarningSettingVC;
			sourceTree = "<group>";
		};
		7B14D5522D55E18E001C2D26 /* Components */ = {
			isa = PBXGroup;
			children = (
				7B14D5532D55E1BA001C2D26 /* WSTableViewCell.swift */,
				7B14D5542D55E1BA001C2D26 /* WSTableViewCell.xib */,
			);
			path = Components;
			sourceTree = "<group>";
		};
		7B14D5572D55EEB0001C2D26 /* HighAlertsVC */ = {
			isa = PBXGroup;
			children = (
				7B14D5652D55F6E7001C2D26 /* Components */,
				7B14D5582D55EEDD001C2D26 /* HighAlertsViewController.swift */,
				7B14D5592D55EEDD001C2D26 /* HighAlertsViewController.xib */,
			);
			path = HighAlertsVC;
			sourceTree = "<group>";
		};
		7B14D5652D55F6E7001C2D26 /* Components */ = {
			isa = PBXGroup;
			children = (
				7B14D5612D55EF9E001C2D26 /* HATableViewCell.swift */,
				7B14D5622D55EF9E001C2D26 /* HATableViewCell.xib */,
				7B14D5672D55F71F001C2D26 /* HApkvTableViewCell.swift */,
				7B14D5682D55F71F001C2D26 /* HApkvTableViewCell.xib */,
			);
			path = Components;
			sourceTree = "<group>";
		};
		7B14D56B2D59EE6D001C2D26 /* RateAlertsVC */ = {
			isa = PBXGroup;
			children = (
				7B14D5702D59F092001C2D26 /* Components */,
				7B14D56C2D59EEC6001C2D26 /* RateAlertsViewController.swift */,
				7B14D56D2D59EEC6001C2D26 /* RateAlertsViewController.xib */,
			);
			path = RateAlertsVC;
			sourceTree = "<group>";
		};
		7B14D5702D59F092001C2D26 /* Components */ = {
			isa = PBXGroup;
			children = (
				7B14D5712D59F1DC001C2D26 /* RateAlertsTableViewCell.swift */,
				7B14D5722D59F1DC001C2D26 /* RateAlertsTableViewCell.xib */,
			);
			path = Components;
			sourceTree = "<group>";
		};
		7B14D5752D5A03B0001C2D26 /* AudioVC */ = {
			isa = PBXGroup;
			children = (
				7B14D57A2D5A0429001C2D26 /* Components */,
				7B14D5762D5A03DE001C2D26 /* AudioViewController.swift */,
				7B14D5772D5A03DE001C2D26 /* AudioViewController.xib */,
			);
			path = AudioVC;
			sourceTree = "<group>";
		};
		7B14D57A2D5A0429001C2D26 /* Components */ = {
			isa = PBXGroup;
			children = (
				7B14D57B2D5A0443001C2D26 /* AudioTableViewCell.swift */,
				7B14D57C2D5A0443001C2D26 /* AudioTableViewCell.xib */,
				7B14D57F2D5A0520001C2D26 /* AudiopkvTableViewCell.swift */,
				7B14D5802D5A0520001C2D26 /* AudiopkvTableViewCell.xib */,
			);
			path = Components;
			sourceTree = "<group>";
		};
		7B20708D2CA45283000A46A4 /* RecertificationVC */ = {
			isa = PBXGroup;
			children = (
				7B20708E2CA452C0000A46A4 /* RecertificationViewController.swift */,
				7B20708F2CA452C0000A46A4 /* RecertificationViewController.xib */,
			);
			path = RecertificationVC;
			sourceTree = "<group>";
		};
		7B6447242CEF3E16002C43D7 /* InstantBloodSugarVC */ = {
			isa = PBXGroup;
			children = (
				7B64473B2CF5B75D002C43D7 /* Components */,
				7B6447252CEF3E3B002C43D7 /* InstantBloodSugarViewController.swift */,
				7B6447262CEF3E3B002C43D7 /* InstantBloodSugarViewController.xib */,
			);
			path = InstantBloodSugarVC;
			sourceTree = "<group>";
		};
		7B64472E2CF0690F002C43D7 /* PersonInformatoinVC */ = {
			isa = PBXGroup;
			children = (
				7BAD780C2D34EC460082B037 /* BindPhoneVC */,
				7BD458522D0C311300993AF2 /* Components */,
				7B64472F2CF0692C002C43D7 /* PersonInformationViewController.swift */,
				7B6447302CF0692C002C43D7 /* PersonInformationViewController.xib */,
			);
			path = PersonInformatoinVC;
			sourceTree = "<group>";
		};
		7B64473B2CF5B75D002C43D7 /* Components */ = {
			isa = PBXGroup;
			children = (
				7B6447412CF5B7BA002C43D7 /* RightButtonPopoverVC */,
				7B64473C2CF5B770002C43D7 /* SensorPopoverVC */,
			);
			path = Components;
			sourceTree = "<group>";
		};
		7B64473C2CF5B770002C43D7 /* SensorPopoverVC */ = {
			isa = PBXGroup;
			children = (
				7B64473D2CF5B7B5002C43D7 /* SensorPopoverViewControllerDelegate.swift */,
				7B64473E2CF5B7B5002C43D7 /* SensorPopoverViewController.xib */,
			);
			path = SensorPopoverVC;
			sourceTree = "<group>";
		};
		7B6447412CF5B7BA002C43D7 /* RightButtonPopoverVC */ = {
			isa = PBXGroup;
			children = (
				7B6447422CF5B7DF002C43D7 /* RightButtonPopoverViewController.swift */,
				7B6447432CF5B7DF002C43D7 /* RightButtonPopoverViewController.xib */,
			);
			path = RightButtonPopoverVC;
			sourceTree = "<group>";
		};
		7B655C5F2CB3FD7F00345704 /* ResetPasswordVC */ = {
			isa = PBXGroup;
			children = (
				7B655C602CB3FDA200345704 /* ResetPasswordViewController.swift */,
				7B655C612CB3FDA200345704 /* ResetPasswordViewController.xib */,
			);
			path = ResetPasswordVC;
			sourceTree = "<group>";
		};
		7B6F7D062CA2A0EE00E9A1DC /* LoginVC */ = {
			isa = PBXGroup;
			children = (
				7B7836912CA13E14006EE7D8 /* LoginViewController.swift */,
				7B7836922CA13E14006EE7D8 /* LoginViewController.xib */,
			);
			path = LoginVC;
			sourceTree = "<group>";
		};
		7B6F7D072CA2A0FE00E9A1DC /* RegisterVC */ = {
			isa = PBXGroup;
			children = (
				7B6F7D082CA2A15C00E9A1DC /* RegisterViewController.swift */,
				7B6F7D092CA2A15C00E9A1DC /* RegisterViewController.xib */,
			);
			path = RegisterVC;
			sourceTree = "<group>";
		};
		7B6F7D0C2CA2A3B700E9A1DC /* ForgetPasswordVC */ = {
			isa = PBXGroup;
			children = (
				7B6F7D0D2CA2A3E700E9A1DC /* ForgetPasswordViewController.swift */,
				7B6F7D0E2CA2A3E700E9A1DC /* ForgetPasswordViewController.xib */,
			);
			path = ForgetPasswordVC;
			sourceTree = "<group>";
		};
		7B7836712CA13AA7006EE7D8 = {
			isa = PBXGroup;
			children = (
				7B78367C2CA13AA7006EE7D8 /* Seknova-Practice */,
				7B78367B2CA13AA7006EE7D8 /* Products */,
				0D98DBB1B174880F70C3E575 /* Pods */,
				FB1D1B6AE6661EAA1163B5F0 /* Frameworks */,
			);
			sourceTree = "<group>";
		};
		7B78367B2CA13AA7006EE7D8 /* Products */ = {
			isa = PBXGroup;
			children = (
				7B78367A2CA13AA7006EE7D8 /* Seknova-Practice.app */,
			);
			name = Products;
			sourceTree = "<group>";
		};
		7B78367C2CA13AA7006EE7D8 /* Seknova-Practice */ = {
			isa = PBXGroup;
			children = (
				7B7836972CA1419A006EE7D8 /* Model */,
				7B14D54B2D55DDF9001C2D26 /* View */,
				7B7836952CA14189006EE7D8 /* Controller */,
				7B78367D2CA13AA7006EE7D8 /* AppDelegate.swift */,
				7B78367F2CA13AA7006EE7D8 /* SceneDelegate.swift */,
				7B7836862CA13AA9006EE7D8 /* Assets.xcassets */,
				7B7836882CA13AA9006EE7D8 /* LaunchScreen.storyboard */,
				7B78368B2CA13AA9006EE7D8 /* Info.plist */,
			);
			path = "Seknova-Practice";
			sourceTree = "<group>";
		};
		7B7836952CA14189006EE7D8 /* Controller */ = {
			isa = PBXGroup;
			children = (
				7BC070922CFED49600A76DCF /* MainVC */,
				7B8F90192CEC9D8000703E1C /* ScanningSensorVC */,
				7B8F900F2CE4CAFF00703E1C /* PairingTransmitterVC */,
				7B8F90042CE2FBE200703E1C /* TransmitterVC */,
				7B8F900A2CE32CB400703E1C /* TipsVC */,
				7BAE87302CC67C6D00A39EA2 /* BloodSugarVC */,
				7BAE872B2CC624A400A39EA2 /* AudioVisualTeachingVC */,
				7B9B92692CBCE23000203AD3 /* BodyInformationVC */,
				7BD875BD2CA6AF04008BB100 /* TermsVC */,
				7B20708D2CA45283000A46A4 /* RecertificationVC */,
				7B655C5F2CB3FD7F00345704 /* ResetPasswordVC */,
				7B6F7D0C2CA2A3B700E9A1DC /* ForgetPasswordVC */,
				7B6F7D072CA2A0FE00E9A1DC /* RegisterVC */,
				7B6F7D062CA2A0EE00E9A1DC /* LoginVC */,
			);
			path = Controller;
			sourceTree = "<group>";
		};
		7B7836972CA1419A006EE7D8 /* Model */ = {
			isa = PBXGroup;
			children = (
				7B8199232CA55F87002767D3 /* Color+Extensions.swift */,
				7B9B92772CBFB80C00203AD3 /* UserPreferences.swift */,
				7B9B92D12CC11D1200203AD3 /* UserInformation.swift */,
				7BA7665D2CCA5F7B00D0F340 /* Alert.swift */,
				7BD4A79B2D412ECF00FC3151 /* singleton.swift */,
			);
			path = Model;
			sourceTree = "<group>";
		};
		7B8F90042CE2FBE200703E1C /* TransmitterVC */ = {
			isa = PBXGroup;
			children = (
				7B8F90052CE2FBFB00703E1C /* TransmitterViewController.swift */,
				7B8F90062CE2FBFB00703E1C /* TransmitterViewController.xib */,
			);
			path = TransmitterVC;
			sourceTree = "<group>";
		};
		7B8F900A2CE32CB400703E1C /* TipsVC */ = {
			isa = PBXGroup;
			children = (
				7B8F900B2CE32CE400703E1C /* TipsViewController.swift */,
				7B8F900C2CE32CE400703E1C /* TipsViewController.xib */,
			);
			path = TipsVC;
			sourceTree = "<group>";
		};
		7B8F900F2CE4CAFF00703E1C /* PairingTransmitterVC */ = {
			isa = PBXGroup;
			children = (
				7B8F90142CEC931D00703E1C /* PairAnimateVC */,
				7B8F90102CE4CB1B00703E1C /* PairingTransmitterViewController.swift */,
				7B8F90112CE4CB1B00703E1C /* PairingTransmitterViewController.xib */,
			);
			path = PairingTransmitterVC;
			sourceTree = "<group>";
		};
		7B8F90142CEC931D00703E1C /* PairAnimateVC */ = {
			isa = PBXGroup;
			children = (
				7B8F90152CEC933800703E1C /* PairAnimateViewController.swift */,
				7B8F90162CEC933800703E1C /* PairAnimateViewController.xib */,
			);
			path = PairAnimateVC;
			sourceTree = "<group>";
		};
		7B8F90192CEC9D8000703E1C /* ScanningSensorVC */ = {
			isa = PBXGroup;
			children = (
				7B8F901A2CEC9DA500703E1C /* ScanningSensorViewController.swift */,
				7B8F901B2CEC9DA500703E1C /* ScanningSensorViewController.xib */,
			);
			path = ScanningSensorVC;
			sourceTree = "<group>";
		};
		7B9B92692CBCE23000203AD3 /* BodyInformationVC */ = {
			isa = PBXGroup;
			children = (
				7B9B926E2CBE737900203AD3 /* Components */,
				7B9B926A2CBCE27600203AD3 /* BodyInformationViewController.swift */,
				7B9B926B2CBCE27600203AD3 /* BodyInformationViewController.xib */,
			);
			path = BodyInformationVC;
			sourceTree = "<group>";
		};
		7B9B926E2CBE737900203AD3 /* Components */ = {
			isa = PBXGroup;
			children = (
				7B9B926F2CBE747100203AD3 /* PersonalInfoTableViewCell.swift */,
				7B9B92702CBE747100203AD3 /* PersonalInfoTableViewCell.xib */,
			);
			path = Components;
			sourceTree = "<group>";
		};
		7BAD780C2D34EC460082B037 /* BindPhoneVC */ = {
			isa = PBXGroup;
			children = (
				7BAD780D2D34EC810082B037 /* BindPhoneViewController.swift */,
				7BAD780E2D34EC810082B037 /* BindPhoneViewController.xib */,
			);
			path = BindPhoneVC;
			sourceTree = "<group>";
		};
		7BAE872B2CC624A400A39EA2 /* AudioVisualTeachingVC */ = {
			isa = PBXGroup;
			children = (
				7BAE872C2CC6254400A39EA2 /* AudioVisualTeachingViewController.swift */,
				7BAE872D2CC6254400A39EA2 /* AudioVisualTeachingViewController.xib */,
			);
			path = AudioVisualTeachingVC;
			sourceTree = "<group>";
		};
		7BAE87302CC67C6D00A39EA2 /* BloodSugarVC */ = {
			isa = PBXGroup;
			children = (
				7BAE87312CC67C9D00A39EA2 /* BloodSugarViewController.swift */,
				7BAE87322CC67C9D00A39EA2 /* BloodSugarViewController.xib */,
			);
			path = BloodSugarVC;
			sourceTree = "<group>";
		};
		7BC070922CFED49600A76DCF /* MainVC */ = {
			isa = PBXGroup;
			children = (
				7B6447242CEF3E16002C43D7 /* InstantBloodSugarVC */,
				7BC070AA2CFF04FA00A76DCF /* BloodSugarCorrectionVC */,
				7B64472E2CF0690F002C43D7 /* PersonInformatoinVC */,
				7BC070BA2CFF05BF00A76DCF /* HistoryVC */,
				7B14D5202D5277D8001C2D26 /* LifeVC */,
				7BC15D7D2D01A4E600A4AD50 /* ReportVC */,
				7BC15D822D01A54C00A4AD50 /* LogVC */,
				7BC15D872D01A57A00A4AD50 /* SettingVC */,
				7BC070972CFED64700A76DCF /* Components */,
				7BC070932CFED4B400A76DCF /* MainViewController.swift */,
				7BC070942CFED4B400A76DCF /* MainViewController.xib */,
			);
			path = MainVC;
			sourceTree = "<group>";
		};
		7BC070972CFED64700A76DCF /* Components */ = {
			isa = PBXGroup;
			children = (
				7BC070A62CFEFE0C00A76DCF /* CustomTabBar.swift */,
				7BC070A82CFEFE1B00A76DCF /* CustomTabBar.xib */,
				7BC070A02CFED72800A76DCF /* TabBarView.swift */,
				7BC070A12CFED72800A76DCF /* TabBarView.xib */,
			);
			path = Components;
			sourceTree = "<group>";
		};
		7BC070AA2CFF04FA00A76DCF /* BloodSugarCorrectionVC */ = {
			isa = PBXGroup;
			children = (
				7BC070B02CFF056000A76DCF /* BloodSugarCorrectionSureVC */,
				7BC928E22D02E52A00B9EE78 /* Components */,
				7BC070AB2CFF052200A76DCF /* BloodSugarCorrectionViewController.swift */,
				7BC070AC2CFF052200A76DCF /* BloodSugarCorrectionViewController.xib */,
			);
			path = BloodSugarCorrectionVC;
			sourceTree = "<group>";
		};
		7BC070B02CFF056000A76DCF /* BloodSugarCorrectionSureVC */ = {
			isa = PBXGroup;
			children = (
				7BC070B12CFF057C00A76DCF /* BloodSugarCorrectionSureViewController.swift */,
				7BC070B22CFF057C00A76DCF /* BloodSugarCorrectionSureViewController.xib */,
			);
			path = BloodSugarCorrectionSureVC;
			sourceTree = "<group>";
		};
		7BC070BA2CFF05BF00A76DCF /* HistoryVC */ = {
			isa = PBXGroup;
			children = (
				7B14D5372D53323A001C2D26 /* HorizontalHistoryVC */,
				7BC070BB2CFF05DE00A76DCF /* HistoryViewController.swift */,
				7BC070BC2CFF05DE00A76DCF /* HistoryViewController.xib */,
			);
			path = HistoryVC;
			sourceTree = "<group>";
		};
		7BC15D7D2D01A4E600A4AD50 /* ReportVC */ = {
			isa = PBXGroup;
			children = (
				7BC15D7E2D01A50300A4AD50 /* ReportViewController.swift */,
				7BC15D7F2D01A50300A4AD50 /* ReportViewController.xib */,
			);
			path = ReportVC;
			sourceTree = "<group>";
		};
		7BC15D822D01A54C00A4AD50 /* LogVC */ = {
			isa = PBXGroup;
			children = (
				7BC15D832D01A56100A4AD50 /* LogViewController.swift */,
				7BC15D842D01A56100A4AD50 /* LogViewController.xib */,
			);
			path = LogVC;
			sourceTree = "<group>";
		};
		7BC15D872D01A57A00A4AD50 /* SettingVC */ = {
			isa = PBXGroup;
			children = (
				7B14D54D2D55E08C001C2D26 /* WarningSettingVC */,
				7B14D5402D54B34E001C2D26 /* Components */,
				7BC15D892D01A59400A4AD50 /* SettingViewController.swift */,
				7BC15D8A2D01A59400A4AD50 /* SettingViewController.xib */,
			);
			path = SettingVC;
			sourceTree = "<group>";
		};
		7BC928E22D02E52A00B9EE78 /* Components */ = {
			isa = PBXGroup;
			children = (
				7BC928E32D02E56600B9EE78 /* BloodSugarCorrectionKnowMoreViewController.swift */,
				7BC928E42D02E56600B9EE78 /* BloodSugarCorrectionKnowMoreViewController.xib */,
			);
			path = Components;
			sourceTree = "<group>";
		};
		7BD458522D0C311300993AF2 /* Components */ = {
			isa = PBXGroup;
			children = (
				7BD458532D0C312E00993AF2 /* InfoTableViewCell.swift */,
				7BD458542D0C312E00993AF2 /* InfoTableViewCell.xib */,
			);
			path = Components;
			sourceTree = "<group>";
		};
		7BD875BD2CA6AF04008BB100 /* TermsVC */ = {
			isa = PBXGroup;
			children = (
				7BD875BE2CA6AF28008BB100 /* TermsViewController.swift */,
				7BD875BF2CA6AF28008BB100 /* TermsViewController.xib */,
			);
			path = TermsVC;
			sourceTree = "<group>";
		};
		FB1D1B6AE6661EAA1163B5F0 /* Frameworks */ = {
			isa = PBXGroup;
			children = (
				5A82984BC3E7BBA229FFF2EE /* Pods_Seknova_Practice.framework */,
			);
			name = Frameworks;
			sourceTree = "<group>";
		};
/* End PBXGroup section */

/* Begin PBXNativeTarget section */
		7B7836792CA13AA7006EE7D8 /* Seknova-Practice */ = {
			isa = PBXNativeTarget;
			buildConfigurationList = 7B78368E2CA13AA9006EE7D8 /* Build configuration list for PBXNativeTarget "Seknova-Practice" */;
			buildPhases = (
				DCA9AACF4C6FE061BC711522 /* [CP] Check Pods Manifest.lock */,
				7B7836762CA13AA7006EE7D8 /* Sources */,
				7B7836772CA13AA7006EE7D8 /* Frameworks */,
				7B7836782CA13AA7006EE7D8 /* Resources */,
				E4D7B58D03521CD605E0FDAF /* [CP] Embed Pods Frameworks */,
			);
			buildRules = (
			);
			dependencies = (
			);
			name = "Seknova-Practice";
			packageProductDependencies = (
			);
			productName = "Seknova-Practice";
			productReference = 7B78367A2CA13AA7006EE7D8 /* Seknova-Practice.app */;
			productType = "com.apple.product-type.application";
		};
/* End PBXNativeTarget section */

/* Begin PBXProject section */
		7B7836722CA13AA7006EE7D8 /* Project object */ = {
			isa = PBXProject;
			attributes = {
				BuildIndependentTargetsInParallel = 1;
				LastSwiftUpdateCheck = 1540;
				LastUpgradeCheck = 1540;
				TargetAttributes = {
					7B7836792CA13AA7006EE7D8 = {
						CreatedOnToolsVersion = 15.4;
					};
				};
			};
			buildConfigurationList = 7B7836752CA13AA7006EE7D8 /* Build configuration list for PBXProject "Seknova-Practice" */;
			compatibilityVersion = "Xcode 14.0";
			developmentRegion = en;
			hasScannedForEncodings = 0;
			knownRegions = (
				en,
				Base,
			);
			mainGroup = 7B7836712CA13AA7006EE7D8;
			packageReferences = (
			);
			productRefGroup = 7B78367B2CA13AA7006EE7D8 /* Products */;
			projectDirPath = "";
			projectRoot = "";
			targets = (
				7B7836792CA13AA7006EE7D8 /* Seknova-Practice */,
			);
		};
/* End PBXProject section */

/* Begin PBXResourcesBuildPhase section */
		7B7836782CA13AA7006EE7D8 /* Resources */ = {
			isa = PBXResourcesBuildPhase;
			buildActionMask = 2147483647;
			files = (
				7B7836872CA13AA9006EE7D8 /* Assets.xcassets in Resources */,
				7B6447452CF5B7DF002C43D7 /* RightButtonPopoverViewController.xib in Resources */,
				7B6F7D102CA2A3E700E9A1DC /* ForgetPasswordViewController.xib in Resources */,
				7B2070902CA452C0000A46A4 /* RecertificationViewController.xib in Resources */,
				7B6447402CF5B7B6002C43D7 /* SensorPopoverViewController.xib in Resources */,
				7BAE872F2CC6254400A39EA2 /* AudioVisualTeachingViewController.xib in Resources */,
				7B14D5482D55DD35001C2D26 /* LifeEventReordTableViewCell.xib in Resources */,
				7BC15D8B2D01A59400A4AD50 /* SettingViewController.xib in Resources */,
				7B14D5502D55E0B8001C2D26 /* WarningSettingViewController.xib in Resources */,
				7BC070AD2CFF052200A76DCF /* BloodSugarCorrectionViewController.xib in Resources */,
				7B14D5282D5277D8001C2D26 /* TxfGTableViewCell.xib in Resources */,
				7B14D5222D5277D8001C2D26 /* LifeCollectionViewCell.xib in Resources */,
				7B14D57D2D5A0443001C2D26 /* AudioTableViewCell.xib in Resources */,
				7B14D5732D59F1DC001C2D26 /* RateAlertsTableViewCell.xib in Resources */,
				7BC070A22CFED72800A76DCF /* TabBarView.xib in Resources */,
				7BC070A92CFEFE1B00A76DCF /* CustomTabBar.xib in Resources */,
				7B78368A2CA13AA9006EE7D8 /* Base in Resources */,
				7B14D55A2D55EEDD001C2D26 /* HighAlertsViewController.xib in Resources */,
				7B14D5242D5277D8001C2D26 /* LifeRoutineCollectionViewCell.xib in Resources */,
				7B14D5692D55F71F001C2D26 /* HApkvTableViewCell.xib in Resources */,
				7B14D5812D5A0520001C2D26 /* AudiopkvTableViewCell.xib in Resources */,
				7B9B926D2CBCE27600203AD3 /* BodyInformationViewController.xib in Resources */,
				7B14D56E2D59EEC6001C2D26 /* RateAlertsViewController.xib in Resources */,
				7BAE87342CC67C9D00A39EA2 /* BloodSugarViewController.xib in Resources */,
				7B7836942CA13E14006EE7D8 /* LoginViewController.xib in Resources */,
				7B8F90172CEC933800703E1C /* PairAnimateViewController.xib in Resources */,
				7B655C632CB3FDA200345704 /* ResetPasswordViewController.xib in Resources */,
				7B6F7D0B2CA2A15C00E9A1DC /* RegisterViewController.xib in Resources */,
				7B8F900D2CE32CE400703E1C /* TipsViewController.xib in Resources */,
				7B6447322CF0692C002C43D7 /* PersonInformationViewController.xib in Resources */,
				7B14D52A2D5277D8001C2D26 /* LifeViewController.xib in Resources */,
				7B14D5632D55EF9E001C2D26 /* HATableViewCell.xib in Resources */,
				7BC15D802D01A50300A4AD50 /* ReportViewController.xib in Resources */,
				7B14D54A2D55DD35001C2D26 /* LifeEventRecordViewController.xib in Resources */,
				7BD875C12CA6AF28008BB100 /* TermsViewController.xib in Resources */,
				7B14D53E2D54B347001C2D26 /* SettingTableViewCell.xib in Resources */,
				7B14D5552D55E1BA001C2D26 /* WSTableViewCell.xib in Resources */,
				7B8F90082CE2FBFB00703E1C /* TransmitterViewController.xib in Resources */,
				7BC070952CFED4B400A76DCF /* MainViewController.xib in Resources */,
				7B14D5782D5A03DE001C2D26 /* AudioViewController.xib in Resources */,
				7B14D5262D5277D8001C2D26 /* LifeTableViewCell.xib in Resources */,
				7B8F901D2CEC9DA500703E1C /* ScanningSensorViewController.xib in Resources */,
				7BAD780F2D34EC810082B037 /* BindPhoneViewController.xib in Resources */,
				7B9B92722CBE747100203AD3 /* PersonalInfoTableViewCell.xib in Resources */,
				7B14D53B2D53326A001C2D26 /* HorizontalHistoryViewController.xib in Resources */,
				7BC928E62D02E56600B9EE78 /* BloodSugarCorrectionKnowMoreViewController.xib in Resources */,
				7BC15D852D01A56100A4AD50 /* LogViewController.xib in Resources */,
				7B6447282CEF3E3B002C43D7 /* InstantBloodSugarViewController.xib in Resources */,
				7B8F90122CE4CB1B00703E1C /* PairingTransmitterViewController.xib in Resources */,
				7BD458552D0C312E00993AF2 /* InfoTableViewCell.xib in Resources */,
				7BC070BD2CFF05DE00A76DCF /* HistoryViewController.xib in Resources */,
				7BC070B32CFF057C00A76DCF /* BloodSugarCorrectionSureViewController.xib in Resources */,
			);
			runOnlyForDeploymentPostprocessing = 0;
		};
/* End PBXResourcesBuildPhase section */

/* Begin PBXShellScriptBuildPhase section */
		DCA9AACF4C6FE061BC711522 /* [CP] Check Pods Manifest.lock */ = {
			isa = PBXShellScriptBuildPhase;
			buildActionMask = 2147483647;
			files = (
			);
			inputFileListPaths = (
			);
			inputPaths = (
				"${PODS_PODFILE_DIR_PATH}/Podfile.lock",
				"${PODS_ROOT}/Manifest.lock",
			);
			name = "[CP] Check Pods Manifest.lock";
			outputFileListPaths = (
			);
			outputPaths = (
				"$(DERIVED_FILE_DIR)/Pods-Seknova-Practice-checkManifestLockResult.txt",
			);
			runOnlyForDeploymentPostprocessing = 0;
			shellPath = /bin/sh;
			shellScript = "diff \"${PODS_PODFILE_DIR_PATH}/Podfile.lock\" \"${PODS_ROOT}/Manifest.lock\" > /dev/null\nif [ $? != 0 ] ; then\n    # print error to STDERR\n    echo \"error: The sandbox is not in sync with the Podfile.lock. Run 'pod install' or update your CocoaPods installation.\" >&2\n    exit 1\nfi\n# This output is used by Xcode 'outputs' to avoid re-running this script phase.\necho \"SUCCESS\" > \"${SCRIPT_OUTPUT_FILE_0}\"\n";
			showEnvVarsInLog = 0;
		};
		E4D7B58D03521CD605E0FDAF /* [CP] Embed Pods Frameworks */ = {
			isa = PBXShellScriptBuildPhase;
			buildActionMask = 2147483647;
			files = (
			);
			inputFileListPaths = (
				"${PODS_ROOT}/Target Support Files/Pods-Seknova-Practice/Pods-Seknova-Practice-frameworks-${CONFIGURATION}-input-files.xcfilelist",
			);
			name = "[CP] Embed Pods Frameworks";
			outputFileListPaths = (
				"${PODS_ROOT}/Target Support Files/Pods-Seknova-Practice/Pods-Seknova-Practice-frameworks-${CONFIGURATION}-output-files.xcfilelist",
			);
			runOnlyForDeploymentPostprocessing = 0;
			shellPath = /bin/sh;
			shellScript = "\"${PODS_ROOT}/Target Support Files/Pods-Seknova-Practice/Pods-Seknova-Practice-frameworks.sh\"\n";
			showEnvVarsInLog = 0;
		};
/* End PBXShellScriptBuildPhase section */

/* Begin PBXSourcesBuildPhase section */
		7B7836762CA13AA7006EE7D8 /* Sources */ = {
			isa = PBXSourcesBuildPhase;
			buildActionMask = 2147483647;
			files = (
				7B14D5512D55E0B8001C2D26 /* WarningSettingViewController.swift in Sources */,
				7B6447272CEF3E3B002C43D7 /* InstantBloodSugarViewController.swift in Sources */,
				7B8F90182CEC933800703E1C /* PairAnimateViewController.swift in Sources */,
				7BC070A32CFED72800A76DCF /* TabBarView.swift in Sources */,
				7B14D5232D5277D8001C2D26 /* LifeRoutineCollectionViewCell.swift in Sources */,
				7B14D5562D55E1BA001C2D26 /* WSTableViewCell.swift in Sources */,
				7B14D5742D59F1DC001C2D26 /* RateAlertsTableViewCell.swift in Sources */,
				7B14D5272D5277D8001C2D26 /* TxfGTableViewCell.swift in Sources */,
				7B14D57E2D5A0443001C2D26 /* AudioTableViewCell.swift in Sources */,
				7B14D5292D5277D8001C2D26 /* LifeViewController.swift in Sources */,
				7B655C622CB3FDA200345704 /* ResetPasswordViewController.swift in Sources */,
				7B14D5472D55DD35001C2D26 /* LifeEventReordTableViewCell.swift in Sources */,
				7B9B92782CBFB80C00203AD3 /* UserPreferences.swift in Sources */,
				7B2070912CA452C0000A46A4 /* RecertificationViewController.swift in Sources */,
				7B14D56A2D55F71F001C2D26 /* HApkvTableViewCell.swift in Sources */,
				7B7836932CA13E14006EE7D8 /* LoginViewController.swift in Sources */,
				7B14D5642D55EF9E001C2D26 /* HATableViewCell.swift in Sources */,
				7B64473F2CF5B7B6002C43D7 /* SensorPopoverViewControllerDelegate.swift in Sources */,
				7BC928E52D02E56600B9EE78 /* BloodSugarCorrectionKnowMoreViewController.swift in Sources */,
				7B8F901C2CEC9DA500703E1C /* ScanningSensorViewController.swift in Sources */,
				7B14D5792D5A03DE001C2D26 /* AudioViewController.swift in Sources */,
				7BAE87332CC67C9D00A39EA2 /* BloodSugarViewController.swift in Sources */,
				7BD458562D0C312E00993AF2 /* InfoTableViewCell.swift in Sources */,
				7BAE872E2CC6254400A39EA2 /* AudioVisualTeachingViewController.swift in Sources */,
				7BC070B42CFF057C00A76DCF /* BloodSugarCorrectionSureViewController.swift in Sources */,
				7B14D5822D5A0520001C2D26 /* AudiopkvTableViewCell.swift in Sources */,
				7B9B92712CBE747100203AD3 /* PersonalInfoTableViewCell.swift in Sources */,
				7B14D53A2D53326A001C2D26 /* HorizontalHistoryViewController.swift in Sources */,
				7B78367E2CA13AA7006EE7D8 /* AppDelegate.swift in Sources */,
				7BAD78102D34EC810082B037 /* BindPhoneViewController.swift in Sources */,
				7BD4A79C2D412ECF00FC3151 /* singleton.swift in Sources */,
				7B6F7D0F2CA2A3E700E9A1DC /* ForgetPasswordViewController.swift in Sources */,
				7B8199242CA55F87002767D3 /* Color+Extensions.swift in Sources */,
				7B7836802CA13AA7006EE7D8 /* SceneDelegate.swift in Sources */,
				7B9B926C2CBCE27600203AD3 /* BodyInformationViewController.swift in Sources */,
				7B9B92D22CC11D1200203AD3 /* UserInformation.swift in Sources */,
				7BD875C02CA6AF28008BB100 /* TermsViewController.swift in Sources */,
				7B14D53F2D54B347001C2D26 /* SettingTableViewCell.swift in Sources */,
				7B6447442CF5B7DF002C43D7 /* RightButtonPopoverViewController.swift in Sources */,
				7BC15D8C2D01A59400A4AD50 /* SettingViewController.swift in Sources */,
				7B8F900E2CE32CE400703E1C /* TipsViewController.swift in Sources */,
				7B14D5252D5277D8001C2D26 /* LifeTableViewCell.swift in Sources */,
				7BC15D812D01A50300A4AD50 /* ReportViewController.swift in Sources */,
				7B8F90132CE4CB1B00703E1C /* PairingTransmitterViewController.swift in Sources */,
				7B14D5492D55DD35001C2D26 /* LifeEventRecordViewController.swift in Sources */,
				7BC15D862D01A56100A4AD50 /* LogViewController.swift in Sources */,
				7B6447312CF0692C002C43D7 /* PersonInformationViewController.swift in Sources */,
				7B8F90072CE2FBFB00703E1C /* TransmitterViewController.swift in Sources */,
				7BC070BE2CFF05DE00A76DCF /* HistoryViewController.swift in Sources */,
				7B14D55B2D55EEDD001C2D26 /* HighAlertsViewController.swift in Sources */,
				7B14D5212D5277D8001C2D26 /* LifeCollectionViewCell.swift in Sources */,
				7BC070962CFED4B400A76DCF /* MainViewController.swift in Sources */,
				7B14D56F2D59EEC6001C2D26 /* RateAlertsViewController.swift in Sources */,
				7BC070AE2CFF052200A76DCF /* BloodSugarCorrectionViewController.swift in Sources */,
				7BA7665E2CCA5F7B00D0F340 /* Alert.swift in Sources */,
				7B6F7D0A2CA2A15C00E9A1DC /* RegisterViewController.swift in Sources */,
				7BC070A72CFEFE0C00A76DCF /* CustomTabBar.swift in Sources */,
			);
			runOnlyForDeploymentPostprocessing = 0;
		};
/* End PBXSourcesBuildPhase section */

/* Begin PBXVariantGroup section */
		7B7836882CA13AA9006EE7D8 /* LaunchScreen.storyboard */ = {
			isa = PBXVariantGroup;
			children = (
				7B7836892CA13AA9006EE7D8 /* Base */,
			);
			name = LaunchScreen.storyboard;
			sourceTree = "<group>";
		};
/* End PBXVariantGroup section */

/* Begin XCBuildConfiguration section */
		7B78368C2CA13AA9006EE7D8 /* Debug */ = {
			isa = XCBuildConfiguration;
			buildSettings = {
				ALWAYS_SEARCH_USER_PATHS = NO;
				ASSETCATALOG_COMPILER_GENERATE_SWIFT_ASSET_SYMBOL_EXTENSIONS = YES;
				CLANG_ANALYZER_LOCALIZABILITY_NONLOCALIZED = YES;
				CLANG_ANALYZER_NONNULL = YES;
				CLANG_ANALYZER_NUMBER_OBJECT_CONVERSION = YES_AGGRESSIVE;
				CLANG_CXX_LANGUAGE_STANDARD = "gnu++20";
				CLANG_ENABLE_MODULES = YES;
				CLANG_ENABLE_OBJC_ARC = YES;
				CLANG_ENABLE_OBJC_WEAK = YES;
				CLANG_WARN_BLOCK_CAPTURE_AUTORELEASING = YES;
				CLANG_WARN_BOOL_CONVERSION = YES;
				CLANG_WARN_COMMA = YES;
				CLANG_WARN_CONSTANT_CONVERSION = YES;
				CLANG_WARN_DEPRECATED_OBJC_IMPLEMENTATIONS = YES;
				CLANG_WARN_DIRECT_OBJC_ISA_USAGE = YES_ERROR;
				CLANG_WARN_DOCUMENTATION_COMMENTS = YES;
				CLANG_WARN_EMPTY_BODY = YES;
				CLANG_WARN_ENUM_CONVERSION = YES;
				CLANG_WARN_INFINITE_RECURSION = YES;
				CLANG_WARN_INT_CONVERSION = YES;
				CLANG_WARN_NON_LITERAL_NULL_CONVERSION = YES;
				CLANG_WARN_OBJC_IMPLICIT_RETAIN_SELF = YES;
				CLANG_WARN_OBJC_LITERAL_CONVERSION = YES;
				CLANG_WARN_OBJC_ROOT_CLASS = YES_ERROR;
				CLANG_WARN_QUOTED_INCLUDE_IN_FRAMEWORK_HEADER = YES;
				CLANG_WARN_RANGE_LOOP_ANALYSIS = YES;
				CLANG_WARN_STRICT_PROTOTYPES = YES;
				CLANG_WARN_SUSPICIOUS_MOVE = YES;
				CLANG_WARN_UNGUARDED_AVAILABILITY = YES_AGGRESSIVE;
				CLANG_WARN_UNREACHABLE_CODE = YES;
				CLANG_WARN__DUPLICATE_METHOD_MATCH = YES;
				COPY_PHASE_STRIP = NO;
				DEBUG_INFORMATION_FORMAT = dwarf;
				ENABLE_STRICT_OBJC_MSGSEND = YES;
				ENABLE_TESTABILITY = YES;
				ENABLE_USER_SCRIPT_SANDBOXING = NO;
				GCC_C_LANGUAGE_STANDARD = gnu17;
				GCC_DYNAMIC_NO_PIC = NO;
				GCC_NO_COMMON_BLOCKS = YES;
				GCC_OPTIMIZATION_LEVEL = 0;
				GCC_PREPROCESSOR_DEFINITIONS = (
					"DEBUG=1",
					"$(inherited)",
				);
				GCC_WARN_64_TO_32_BIT_CONVERSION = YES;
				GCC_WARN_ABOUT_RETURN_TYPE = YES_ERROR;
				GCC_WARN_UNDECLARED_SELECTOR = YES;
				GCC_WARN_UNINITIALIZED_AUTOS = YES_AGGRESSIVE;
				GCC_WARN_UNUSED_FUNCTION = YES;
				GCC_WARN_UNUSED_VARIABLE = YES;
				IPHONEOS_DEPLOYMENT_TARGET = 15.0;
				LOCALIZATION_PREFERS_STRING_CATALOGS = YES;
				MTL_ENABLE_DEBUG_INFO = INCLUDE_SOURCE;
				MTL_FAST_MATH = YES;
				ONLY_ACTIVE_ARCH = YES;
				SDKROOT = iphoneos;
				SWIFT_ACTIVE_COMPILATION_CONDITIONS = "DEBUG $(inherited)";
				SWIFT_OPTIMIZATION_LEVEL = "-Onone";
			};
			name = Debug;
		};
		7B78368D2CA13AA9006EE7D8 /* Release */ = {
			isa = XCBuildConfiguration;
			buildSettings = {
				ALWAYS_SEARCH_USER_PATHS = NO;
				ASSETCATALOG_COMPILER_GENERATE_SWIFT_ASSET_SYMBOL_EXTENSIONS = YES;
				CLANG_ANALYZER_LOCALIZABILITY_NONLOCALIZED = YES;
				CLANG_ANALYZER_NONNULL = YES;
				CLANG_ANALYZER_NUMBER_OBJECT_CONVERSION = YES_AGGRESSIVE;
				CLANG_CXX_LANGUAGE_STANDARD = "gnu++20";
				CLANG_ENABLE_MODULES = YES;
				CLANG_ENABLE_OBJC_ARC = YES;
				CLANG_ENABLE_OBJC_WEAK = YES;
				CLANG_WARN_BLOCK_CAPTURE_AUTORELEASING = YES;
				CLANG_WARN_BOOL_CONVERSION = YES;
				CLANG_WARN_COMMA = YES;
				CLANG_WARN_CONSTANT_CONVERSION = YES;
				CLANG_WARN_DEPRECATED_OBJC_IMPLEMENTATIONS = YES;
				CLANG_WARN_DIRECT_OBJC_ISA_USAGE = YES_ERROR;
				CLANG_WARN_DOCUMENTATION_COMMENTS = YES;
				CLANG_WARN_EMPTY_BODY = YES;
				CLANG_WARN_ENUM_CONVERSION = YES;
				CLANG_WARN_INFINITE_RECURSION = YES;
				CLANG_WARN_INT_CONVERSION = YES;
				CLANG_WARN_NON_LITERAL_NULL_CONVERSION = YES;
				CLANG_WARN_OBJC_IMPLICIT_RETAIN_SELF = YES;
				CLANG_WARN_OBJC_LITERAL_CONVERSION = YES;
				CLANG_WARN_OBJC_ROOT_CLASS = YES_ERROR;
				CLANG_WARN_QUOTED_INCLUDE_IN_FRAMEWORK_HEADER = YES;
				CLANG_WARN_RANGE_LOOP_ANALYSIS = YES;
				CLANG_WARN_STRICT_PROTOTYPES = YES;
				CLANG_WARN_SUSPICIOUS_MOVE = YES;
				CLANG_WARN_UNGUARDED_AVAILABILITY = YES_AGGRESSIVE;
				CLANG_WARN_UNREACHABLE_CODE = YES;
				CLANG_WARN__DUPLICATE_METHOD_MATCH = YES;
				COPY_PHASE_STRIP = NO;
				DEBUG_INFORMATION_FORMAT = "dwarf-with-dsym";
				ENABLE_NS_ASSERTIONS = NO;
				ENABLE_STRICT_OBJC_MSGSEND = YES;
				ENABLE_USER_SCRIPT_SANDBOXING = NO;
				GCC_C_LANGUAGE_STANDARD = gnu17;
				GCC_NO_COMMON_BLOCKS = YES;
				GCC_WARN_64_TO_32_BIT_CONVERSION = YES;
				GCC_WARN_ABOUT_RETURN_TYPE = YES_ERROR;
				GCC_WARN_UNDECLARED_SELECTOR = YES;
				GCC_WARN_UNINITIALIZED_AUTOS = YES_AGGRESSIVE;
				GCC_WARN_UNUSED_FUNCTION = YES;
				GCC_WARN_UNUSED_VARIABLE = YES;
				IPHONEOS_DEPLOYMENT_TARGET = 15.0;
				LOCALIZATION_PREFERS_STRING_CATALOGS = YES;
				MTL_ENABLE_DEBUG_INFO = NO;
				MTL_FAST_MATH = YES;
				SDKROOT = iphoneos;
				SWIFT_COMPILATION_MODE = wholemodule;
				VALIDATE_PRODUCT = YES;
			};
			name = Release;
		};
		7B78368F2CA13AA9006EE7D8 /* Debug */ = {
			isa = XCBuildConfiguration;
			baseConfigurationReference = 7718D1ABAC66BD0196AF3B5B /* Pods-Seknova-Practice.debug.xcconfig */;
			buildSettings = {
				ASSETCATALOG_COMPILER_APPICON_NAME = AppIcon;
				ASSETCATALOG_COMPILER_GLOBAL_ACCENT_COLOR_NAME = AccentColor;
				CODE_SIGN_STYLE = Automatic;
				CURRENT_PROJECT_VERSION = 1;
				DEVELOPMENT_TEAM = S8FBP4YLUA;
				ENABLE_USER_SCRIPT_SANDBOXING = NO;
				GENERATE_INFOPLIST_FILE = YES;
				INFOPLIST_FILE = "Seknova-Practice/Info.plist";
				INFOPLIST_KEY_NSBluetoothAlwaysUsageDescription = "此應用需要使用藍牙來連接設備。";
				INFOPLIST_KEY_NSBluetoothPeripheralUsageDescription = "";
				INFOPLIST_KEY_NSCameraUsageDescription = QRCode;
				INFOPLIST_KEY_UIApplicationSupportsIndirectInputEvents = YES;
				INFOPLIST_KEY_UILaunchStoryboardName = LaunchScreen;
				INFOPLIST_KEY_UISupportedInterfaceOrientations_iPhone = "UIInterfaceOrientationPortrait UIInterfaceOrientationPortraitUpsideDown UIInterfaceOrientationLandscapeLeft UIInterfaceOrientationLandscapeRight";
				IPHONEOS_DEPLOYMENT_TARGET = 16.0;
				LD_RUNPATH_SEARCH_PATHS = (
					"$(inherited)",
					"@executable_path/Frameworks",
				);
				MARKETING_VERSION = 1.0;
				PRODUCT_BUNDLE_IDENTIFIER = "com..Seknova-Practice";
				PRODUCT_NAME = "$(TARGET_NAME)";
				SWIFT_EMIT_LOC_STRINGS = YES;
				SWIFT_VERSION = 5.0;
				TARGETED_DEVICE_FAMILY = "1,2";
			};
			name = Debug;
		};
		7B7836902CA13AA9006EE7D8 /* Release */ = {
			isa = XCBuildConfiguration;
			baseConfigurationReference = D097F0ED15F38BCC246A09FC /* Pods-Seknova-Practice.release.xcconfig */;
			buildSettings = {
				ASSETCATALOG_COMPILER_APPICON_NAME = AppIcon;
				ASSETCATALOG_COMPILER_GLOBAL_ACCENT_COLOR_NAME = AccentColor;
				CODE_SIGN_STYLE = Automatic;
				CURRENT_PROJECT_VERSION = 1;
				DEVELOPMENT_TEAM = S8FBP4YLUA;
				ENABLE_USER_SCRIPT_SANDBOXING = NO;
				GENERATE_INFOPLIST_FILE = YES;
				INFOPLIST_FILE = "Seknova-Practice/Info.plist";
				INFOPLIST_KEY_NSBluetoothAlwaysUsageDescription = "此應用需要使用藍牙來連接設備。";
				INFOPLIST_KEY_NSBluetoothPeripheralUsageDescription = "";
				INFOPLIST_KEY_NSCameraUsageDescription = QRCode;
				INFOPLIST_KEY_UIApplicationSupportsIndirectInputEvents = YES;
				INFOPLIST_KEY_UILaunchStoryboardName = LaunchScreen;
				INFOPLIST_KEY_UISupportedInterfaceOrientations_iPhone = "UIInterfaceOrientationPortrait UIInterfaceOrientationPortraitUpsideDown UIInterfaceOrientationLandscapeLeft UIInterfaceOrientationLandscapeRight";
				IPHONEOS_DEPLOYMENT_TARGET = 16.0;
				LD_RUNPATH_SEARCH_PATHS = (
					"$(inherited)",
					"@executable_path/Frameworks",
				);
				MARKETING_VERSION = 1.0;
				PRODUCT_BUNDLE_IDENTIFIER = "com..Seknova-Practice";
				PRODUCT_NAME = "$(TARGET_NAME)";
				SWIFT_EMIT_LOC_STRINGS = YES;
				SWIFT_VERSION = 5.0;
				TARGETED_DEVICE_FAMILY = "1,2";
			};
			name = Release;
		};
/* End XCBuildConfiguration section */

/* Begin XCConfigurationList section */
		7B7836752CA13AA7006EE7D8 /* Build configuration list for PBXProject "Seknova-Practice" */ = {
			isa = XCConfigurationList;
			buildConfigurations = (
				7B78368C2CA13AA9006EE7D8 /* Debug */,
				7B78368D2CA13AA9006EE7D8 /* Release */,
			);
			defaultConfigurationIsVisible = 0;
			defaultConfigurationName = Release;
		};
		7B78368E2CA13AA9006EE7D8 /* Build configuration list for PBXNativeTarget "Seknova-Practice" */ = {
			isa = XCConfigurationList;
			buildConfigurations = (
				7B78368F2CA13AA9006EE7D8 /* Debug */,
				7B7836902CA13AA9006EE7D8 /* Release */,
			);
			defaultConfigurationIsVisible = 0;
			defaultConfigurationName = Release;
		};
/* End XCConfigurationList section */
	};
	rootObject = 7B7836722CA13AA7006EE7D8 /* Project object */;
}
